// !$*UTF8*$!
{
	archiveVersion = 1;
	classes = {
	};
	objectVersion = 46;
	objects = {

/* Begin PBXBuildFile section */
		3C80C05A1A2D858300A3D8B9 /* SearchPlanObject.mm in Sources */ = {isa = PBXBuildFile; fileRef = 3C80C0591A2D858300A3D8B9 /* SearchPlanObject.mm */; };
		3C80C0781A2D9CAF00A3D8B9 /* BusLineObjct.mm in Sources */ = {isa = PBXBuildFile; fileRef = 3C80C0771A2D9CAF00A3D8B9 /* BusLineObjct.mm */; };
		3C9B58A51A2417AC00132E55 /* EUExBaiduMap.mm in Sources */ = {isa = PBXBuildFile; fileRef = 3C9B58491A2417AC00132E55 /* EUExBaiduMap.mm */; };
		3C9B58A61A2417AC00132E55 /* ACPointAnnotation.m in Sources */ = {isa = PBXBuildFile; fileRef = 3C9B584C1A2417AC00132E55 /* ACPointAnnotation.m */; };
		3C9B58A91A2417AC00132E55 /* BaiduMapManager.m in Sources */ = {isa = PBXBuildFile; fileRef = 3C9B58921A2417AC00132E55 /* BaiduMapManager.m */; };
		3C9B58AA1A2417AC00132E55 /* BusLineAnnotation.m in Sources */ = {isa = PBXBuildFile; fileRef = 3C9B58941A2417AC00132E55 /* BusLineAnnotation.m */; };
		3C9B58AB1A2417AC00132E55 /* CustomPaoPaoView.m in Sources */ = {isa = PBXBuildFile; fileRef = 3C9B58961A2417AC00132E55 /* CustomPaoPaoView.m */; };
		3C9B58AC1A2417AC00132E55 /* MapUtility.m in Sources */ = {isa = PBXBuildFile; fileRef = 3C9B58A21A2417AC00132E55 /* MapUtility.m */; };
		3C9B58AD1A2417AC00132E55 /* RouteAnnotation.m in Sources */ = {isa = PBXBuildFile; fileRef = 3C9B58A41A2417AC00132E55 /* RouteAnnotation.m */; };
		3C9B58B21A241D5000132E55 /* libbaidumapapi.a in Frameworks */ = {isa = PBXBuildFile; fileRef = 3C9B58B11A241D5000132E55 /* libbaidumapapi.a */; };
		3C9B58B41A241F8F00132E55 /* libAppCanEngine_IOS.a in Frameworks */ = {isa = PBXBuildFile; fileRef = 3C9B58B31A241F8F00132E55 /* libAppCanEngine_IOS.a */; };
		3C9B58BF1A241FC400132E55 /* libz.dylib in Frameworks */ = {isa = PBXBuildFile; fileRef = 3C9B58B51A241FC400132E55 /* libz.dylib */; };
		3C9B58C01A241FC400132E55 /* libsqlite3.dylib in Frameworks */ = {isa = PBXBuildFile; fileRef = 3C9B58B61A241FC400132E55 /* libsqlite3.dylib */; };
		3C9B58C11A241FC400132E55 /* AudioToolbox.framework in Frameworks */ = {isa = PBXBuildFile; fileRef = 3C9B58B71A241FC400132E55 /* AudioToolbox.framework */; };
		3C9B58C21A241FC400132E55 /* MapKit.framework in Frameworks */ = {isa = PBXBuildFile; fileRef = 3C9B58B81A241FC400132E55 /* MapKit.framework */; };
		3C9B58C31A241FC400132E55 /* CoreTelephony.framework in Frameworks */ = {isa = PBXBuildFile; fileRef = 3C9B58B91A241FC400132E55 /* CoreTelephony.framework */; };
		3C9B58C41A241FC400132E55 /* MobileCoreServices.framework in Frameworks */ = {isa = PBXBuildFile; fileRef = 3C9B58BA1A241FC400132E55 /* MobileCoreServices.framework */; };
		3C9B58C51A241FC400132E55 /* SystemConfiguration.framework in Frameworks */ = {isa = PBXBuildFile; fileRef = 3C9B58BB1A241FC400132E55 /* SystemConfiguration.framework */; };
		3C9B58C61A241FC400132E55 /* UIKit.framework in Frameworks */ = {isa = PBXBuildFile; fileRef = 3C9B58BC1A241FC400132E55 /* UIKit.framework */; };
		3C9B58C71A241FC400132E55 /* CoreGraphics.framework in Frameworks */ = {isa = PBXBuildFile; fileRef = 3C9B58BD1A241FC400132E55 /* CoreGraphics.framework */; };
		3C9B58C81A241FC400132E55 /* QuartzCore.framework in Frameworks */ = {isa = PBXBuildFile; fileRef = 3C9B58BE1A241FC400132E55 /* QuartzCore.framework */; };
		3C9B58CD1A2424A800132E55 /* CoreLocation.framework in Frameworks */ = {isa = PBXBuildFile; fileRef = 3C9B58CC1A2424A800132E55 /* CoreLocation.framework */; };
		F79188F51A240FC3003357BE /* Foundation.framework in Frameworks */ = {isa = PBXBuildFile; fileRef = F79188F41A240FC3003357BE /* Foundation.framework */; };
/* End PBXBuildFile section */

/* Begin PBXCopyFilesBuildPhase section */
		F79188EF1A240FC3003357BE /* CopyFiles */ = {
			isa = PBXCopyFilesBuildPhase;
			buildActionMask = 2147483647;
			dstPath = "include/$(PRODUCT_NAME)";
			dstSubfolderSpec = 16;
			files = (
			);
			runOnlyForDeploymentPostprocessing = 0;
		};
/* End PBXCopyFilesBuildPhase section */

/* Begin PBXFileReference section */
		3C80C0581A2D858300A3D8B9 /* SearchPlanObject.h */ = {isa = PBXFileReference; fileEncoding = 4; lastKnownFileType = sourcecode.c.h; path = SearchPlanObject.h; sourceTree = "<group>"; };
		3C80C0591A2D858300A3D8B9 /* SearchPlanObject.mm */ = {isa = PBXFileReference; fileEncoding = 4; lastKnownFileType = sourcecode.cpp.objcpp; path = SearchPlanObject.mm; sourceTree = "<group>"; };
		3C80C0761A2D9CAF00A3D8B9 /* BusLineObjct.h */ = {isa = PBXFileReference; fileEncoding = 4; lastKnownFileType = sourcecode.c.h; path = BusLineObjct.h; sourceTree = "<group>"; };
		3C80C0771A2D9CAF00A3D8B9 /* BusLineObjct.mm */ = {isa = PBXFileReference; fileEncoding = 4; lastKnownFileType = sourcecode.cpp.objcpp; path = BusLineObjct.mm; sourceTree = "<group>"; };
		3C9B58451A2417AC00132E55 /* EUExBase.h */ = {isa = PBXFileReference; fileEncoding = 4; lastKnownFileType = sourcecode.c.h; path = EUExBase.h; sourceTree = "<group>"; };
		3C9B58461A2417AC00132E55 /* EUExBaseDefine.h */ = {isa = PBXFileReference; fileEncoding = 4; lastKnownFileType = sourcecode.c.h; path = EUExBaseDefine.h; sourceTree = "<group>"; };
		3C9B58471A2417AC00132E55 /* EUtility.h */ = {isa = PBXFileReference; fileEncoding = 4; lastKnownFileType = sourcecode.c.h; path = EUtility.h; sourceTree = "<group>"; };
		3C9B58481A2417AC00132E55 /* EUExBaiduMap.h */ = {isa = PBXFileReference; fileEncoding = 4; lastKnownFileType = sourcecode.c.h; name = EUExBaiduMap.h; path = EUExBaiduMap/EUExBaiduMap.h; sourceTree = SOURCE_ROOT; };
		3C9B58491A2417AC00132E55 /* EUExBaiduMap.mm */ = {isa = PBXFileReference; fileEncoding = 4; lastKnownFileType = sourcecode.cpp.objcpp; name = EUExBaiduMap.mm; path = EUExBaiduMap/EUExBaiduMap.mm; sourceTree = SOURCE_ROOT; };
		3C9B584B1A2417AC00132E55 /* ACPointAnnotation.h */ = {isa = PBXFileReference; fileEncoding = 4; lastKnownFileType = sourcecode.c.h; path = ACPointAnnotation.h; sourceTree = "<group>"; };
		3C9B584C1A2417AC00132E55 /* ACPointAnnotation.m */ = {isa = PBXFileReference; fileEncoding = 4; lastKnownFileType = sourcecode.c.objc; path = ACPointAnnotation.m; sourceTree = "<group>"; };
		3C9B584F1A2417AC00132E55 /* BMapKit.h */ = {isa = PBXFileReference; fileEncoding = 4; lastKnownFileType = sourcecode.c.h; path = BMapKit.h; sourceTree = "<group>"; };
		3C9B58501A2417AC00132E55 /* BMKActionPaopaoView.h */ = {isa = PBXFileReference; fileEncoding = 4; lastKnownFileType = sourcecode.c.h; path = BMKActionPaopaoView.h; sourceTree = "<group>"; };
		3C9B58511A2417AC00132E55 /* BMKAnnotation.h */ = {isa = PBXFileReference; fileEncoding = 4; lastKnownFileType = sourcecode.c.h; path = BMKAnnotation.h; sourceTree = "<group>"; };
		3C9B58521A2417AC00132E55 /* BMKAnnotationView.h */ = {isa = PBXFileReference; fileEncoding = 4; lastKnownFileType = sourcecode.c.h; path = BMKAnnotationView.h; sourceTree = "<group>"; };
		3C9B58531A2417AC00132E55 /* BMKArcline.h */ = {isa = PBXFileReference; fileEncoding = 4; lastKnownFileType = sourcecode.c.h; path = BMKArcline.h; sourceTree = "<group>"; };
		3C9B58541A2417AC00132E55 /* BMKArclineView.h */ = {isa = PBXFileReference; fileEncoding = 4; lastKnownFileType = sourcecode.c.h; path = BMKArclineView.h; sourceTree = "<group>"; };
		3C9B58551A2417AC00132E55 /* BMKBaseComponent.h */ = {isa = PBXFileReference; fileEncoding = 4; lastKnownFileType = sourcecode.c.h; path = BMKBaseComponent.h; sourceTree = "<group>"; };
		3C9B58561A2417AC00132E55 /* BMKBusLineSearch.h */ = {isa = PBXFileReference; fileEncoding = 4; lastKnownFileType = sourcecode.c.h; path = BMKBusLineSearch.h; sourceTree = "<group>"; };
		3C9B58571A2417AC00132E55 /* BMKBusLineSearchOption.h */ = {isa = PBXFileReference; fileEncoding = 4; lastKnownFileType = sourcecode.c.h; path = BMKBusLineSearchOption.h; sourceTree = "<group>"; };
		3C9B58581A2417AC00132E55 /* BMKCircle.h */ = {isa = PBXFileReference; fileEncoding = 4; lastKnownFileType = sourcecode.c.h; path = BMKCircle.h; sourceTree = "<group>"; };
		3C9B58591A2417AC00132E55 /* BMKCircleView.h */ = {isa = PBXFileReference; fileEncoding = 4; lastKnownFileType = sourcecode.c.h; path = BMKCircleView.h; sourceTree = "<group>"; };
		3C9B585A1A2417AC00132E55 /* BMKCloudPOIList.h */ = {isa = PBXFileReference; fileEncoding = 4; lastKnownFileType = sourcecode.c.h; path = BMKCloudPOIList.h; sourceTree = "<group>"; };
		3C9B585B1A2417AC00132E55 /* BMKCloudSearch.h */ = {isa = PBXFileReference; fileEncoding = 4; lastKnownFileType = sourcecode.c.h; path = BMKCloudSearch.h; sourceTree = "<group>"; };
		3C9B585C1A2417AC00132E55 /* BMKCloudSearchComponent.h */ = {isa = PBXFileReference; fileEncoding = 4; lastKnownFileType = sourcecode.c.h; path = BMKCloudSearchComponent.h; sourceTree = "<group>"; };
		3C9B585D1A2417AC00132E55 /* BMKCloudSearchInfo.h */ = {isa = PBXFileReference; fileEncoding = 4; lastKnownFileType = sourcecode.c.h; path = BMKCloudSearchInfo.h; sourceTree = "<group>"; };
		3C9B585E1A2417AC00132E55 /* BMKGeneralDelegate.h */ = {isa = PBXFileReference; fileEncoding = 4; lastKnownFileType = sourcecode.c.h; path = BMKGeneralDelegate.h; sourceTree = "<group>"; };
		3C9B585F1A2417AC00132E55 /* BMKGeocodeSearch.h */ = {isa = PBXFileReference; fileEncoding = 4; lastKnownFileType = sourcecode.c.h; path = BMKGeocodeSearch.h; sourceTree = "<group>"; };
		3C9B58601A2417AC00132E55 /* BMKGeocodeSearchOption.h */ = {isa = PBXFileReference; fileEncoding = 4; lastKnownFileType = sourcecode.c.h; path = BMKGeocodeSearchOption.h; sourceTree = "<group>"; };
		3C9B58611A2417AC00132E55 /* BMKGeocodeType.h */ = {isa = PBXFileReference; fileEncoding = 4; lastKnownFileType = sourcecode.c.h; path = BMKGeocodeType.h; sourceTree = "<group>"; };
		3C9B58621A2417AC00132E55 /* BMKGeometry.h */ = {isa = PBXFileReference; fileEncoding = 4; lastKnownFileType = sourcecode.c.h; path = BMKGeometry.h; sourceTree = "<group>"; };
		3C9B58631A2417AC00132E55 /* BMKGradient.h */ = {isa = PBXFileReference; fileEncoding = 4; lastKnownFileType = sourcecode.c.h; path = BMKGradient.h; sourceTree = "<group>"; };
		3C9B58641A2417AC00132E55 /* BMKGroundOverlay.h */ = {isa = PBXFileReference; fileEncoding = 4; lastKnownFileType = sourcecode.c.h; path = BMKGroundOverlay.h; sourceTree = "<group>"; };
		3C9B58651A2417AC00132E55 /* BMKGroundOverlayView.h */ = {isa = PBXFileReference; fileEncoding = 4; lastKnownFileType = sourcecode.c.h; path = BMKGroundOverlayView.h; sourceTree = "<group>"; };
		3C9B58661A2417AC00132E55 /* BMKHeatMap.h */ = {isa = PBXFileReference; fileEncoding = 4; lastKnownFileType = sourcecode.c.h; path = BMKHeatMap.h; sourceTree = "<group>"; };
		3C9B58671A2417AC00132E55 /* BMKLocationComponent.h */ = {isa = PBXFileReference; fileEncoding = 4; lastKnownFileType = sourcecode.c.h; path = BMKLocationComponent.h; sourceTree = "<group>"; };
		3C9B58681A2417AC00132E55 /* BMKLocationService.h */ = {isa = PBXFileReference; fileEncoding = 4; lastKnownFileType = sourcecode.c.h; path = BMKLocationService.h; sourceTree = "<group>"; };
		3C9B58691A2417AC00132E55 /* BMKLocationViewDisplayParam.h */ = {isa = PBXFileReference; fileEncoding = 4; lastKnownFileType = sourcecode.c.h; path = BMKLocationViewDisplayParam.h; sourceTree = "<group>"; };
		3C9B586A1A2417AC00132E55 /* BMKMapComponent.h */ = {isa = PBXFileReference; fileEncoding = 4; lastKnownFileType = sourcecode.c.h; path = BMKMapComponent.h; sourceTree = "<group>"; };
		3C9B586B1A2417AC00132E55 /* BMKMapManager.h */ = {isa = PBXFileReference; fileEncoding = 4; lastKnownFileType = sourcecode.c.h; path = BMKMapManager.h; sourceTree = "<group>"; };
		3C9B586C1A2417AC00132E55 /* BMKMapStatus.h */ = {isa = PBXFileReference; fileEncoding = 4; lastKnownFileType = sourcecode.c.h; path = BMKMapStatus.h; sourceTree = "<group>"; };
		3C9B586D1A2417AC00132E55 /* BMKMapView.h */ = {isa = PBXFileReference; fileEncoding = 4; lastKnownFileType = sourcecode.c.h; path = BMKMapView.h; sourceTree = "<group>"; };
		3C9B586E1A2417AC00132E55 /* BMKMultiPoint.h */ = {isa = PBXFileReference; fileEncoding = 4; lastKnownFileType = sourcecode.c.h; path = BMKMultiPoint.h; sourceTree = "<group>"; };
		3C9B586F1A2417AC00132E55 /* BMKNavigation.h */ = {isa = PBXFileReference; fileEncoding = 4; lastKnownFileType = sourcecode.c.h; path = BMKNavigation.h; sourceTree = "<group>"; };
		3C9B58701A2417AC00132E55 /* BMKOfflineMap.h */ = {isa = PBXFileReference; fileEncoding = 4; lastKnownFileType = sourcecode.c.h; path = BMKOfflineMap.h; sourceTree = "<group>"; };
		3C9B58711A2417AC00132E55 /* BMKOfflineMapType.h */ = {isa = PBXFileReference; fileEncoding = 4; lastKnownFileType = sourcecode.c.h; path = BMKOfflineMapType.h; sourceTree = "<group>"; };
		3C9B58721A2417AC00132E55 /* BMKOverlay.h */ = {isa = PBXFileReference; fileEncoding = 4; lastKnownFileType = sourcecode.c.h; path = BMKOverlay.h; sourceTree = "<group>"; };
		3C9B58731A2417AC00132E55 /* BMKOverlayGLBasicView.h */ = {isa = PBXFileReference; fileEncoding = 4; lastKnownFileType = sourcecode.c.h; path = BMKOverlayGLBasicView.h; sourceTree = "<group>"; };
		3C9B58741A2417AC00132E55 /* BMKOverlayPathView.h */ = {isa = PBXFileReference; fileEncoding = 4; lastKnownFileType = sourcecode.c.h; path = BMKOverlayPathView.h; sourceTree = "<group>"; };
		3C9B58751A2417AC00132E55 /* BMKOverlayView.h */ = {isa = PBXFileReference; fileEncoding = 4; lastKnownFileType = sourcecode.c.h; path = BMKOverlayView.h; sourceTree = "<group>"; };
		3C9B58761A2417AC00132E55 /* BMKPinAnnotationView.h */ = {isa = PBXFileReference; fileEncoding = 4; lastKnownFileType = sourcecode.c.h; path = BMKPinAnnotationView.h; sourceTree = "<group>"; };
		3C9B58771A2417AC00132E55 /* BMKPointAnnotation.h */ = {isa = PBXFileReference; fileEncoding = 4; lastKnownFileType = sourcecode.c.h; path = BMKPointAnnotation.h; sourceTree = "<group>"; };
		3C9B58781A2417AC00132E55 /* BMKPoiSearch.h */ = {isa = PBXFileReference; fileEncoding = 4; lastKnownFileType = sourcecode.c.h; path = BMKPoiSearch.h; sourceTree = "<group>"; };
		3C9B58791A2417AC00132E55 /* BMKPoiSearchOption.h */ = {isa = PBXFileReference; fileEncoding = 4; lastKnownFileType = sourcecode.c.h; path = BMKPoiSearchOption.h; sourceTree = "<group>"; };
		3C9B587A1A2417AC00132E55 /* BMKPoiSearchType.h */ = {isa = PBXFileReference; fileEncoding = 4; lastKnownFileType = sourcecode.c.h; path = BMKPoiSearchType.h; sourceTree = "<group>"; };
		3C9B587B1A2417AC00132E55 /* BMKPolygon.h */ = {isa = PBXFileReference; fileEncoding = 4; lastKnownFileType = sourcecode.c.h; path = BMKPolygon.h; sourceTree = "<group>"; };
		3C9B587C1A2417AC00132E55 /* BMKPolygonView.h */ = {isa = PBXFileReference; fileEncoding = 4; lastKnownFileType = sourcecode.c.h; path = BMKPolygonView.h; sourceTree = "<group>"; };
		3C9B587D1A2417AC00132E55 /* BMKPolyline.h */ = {isa = PBXFileReference; fileEncoding = 4; lastKnownFileType = sourcecode.c.h; path = BMKPolyline.h; sourceTree = "<group>"; };
		3C9B587E1A2417AC00132E55 /* BMKPolylineView.h */ = {isa = PBXFileReference; fileEncoding = 4; lastKnownFileType = sourcecode.c.h; path = BMKPolylineView.h; sourceTree = "<group>"; };
		3C9B587F1A2417AC00132E55 /* BMKRouteSearch.h */ = {isa = PBXFileReference; fileEncoding = 4; lastKnownFileType = sourcecode.c.h; path = BMKRouteSearch.h; sourceTree = "<group>"; };
		3C9B58801A2417AC00132E55 /* BMKRouteSearchOption.h */ = {isa = PBXFileReference; fileEncoding = 4; lastKnownFileType = sourcecode.c.h; path = BMKRouteSearchOption.h; sourceTree = "<group>"; };
		3C9B58811A2417AC00132E55 /* BMKRouteSearchType.h */ = {isa = PBXFileReference; fileEncoding = 4; lastKnownFileType = sourcecode.c.h; path = BMKRouteSearchType.h; sourceTree = "<group>"; };
		3C9B58821A2417AC00132E55 /* BMKSearchComponent.h */ = {isa = PBXFileReference; fileEncoding = 4; lastKnownFileType = sourcecode.c.h; path = BMKSearchComponent.h; sourceTree = "<group>"; };
		3C9B58831A2417AC00132E55 /* BMKShape.h */ = {isa = PBXFileReference; fileEncoding = 4; lastKnownFileType = sourcecode.c.h; path = BMKShape.h; sourceTree = "<group>"; };
		3C9B58841A2417AC00132E55 /* BMKShareURLSearch.h */ = {isa = PBXFileReference; fileEncoding = 4; lastKnownFileType = sourcecode.c.h; path = BMKShareURLSearch.h; sourceTree = "<group>"; };
		3C9B58851A2417AC00132E55 /* BMKShareUrlSearchOption.h */ = {isa = PBXFileReference; fileEncoding = 4; lastKnownFileType = sourcecode.c.h; path = BMKShareUrlSearchOption.h; sourceTree = "<group>"; };
		3C9B58861A2417AC00132E55 /* BMKSuggestionSearch.h */ = {isa = PBXFileReference; fileEncoding = 4; lastKnownFileType = sourcecode.c.h; path = BMKSuggestionSearch.h; sourceTree = "<group>"; };
		3C9B58871A2417AC00132E55 /* BMKSuggestionSearchOption.h */ = {isa = PBXFileReference; fileEncoding = 4; lastKnownFileType = sourcecode.c.h; path = BMKSuggestionSearchOption.h; sourceTree = "<group>"; };
		3C9B58881A2417AC00132E55 /* BMKTypes.h */ = {isa = PBXFileReference; fileEncoding = 4; lastKnownFileType = sourcecode.c.h; path = BMKTypes.h; sourceTree = "<group>"; };
		3C9B58891A2417AC00132E55 /* BMKUserLocation.h */ = {isa = PBXFileReference; fileEncoding = 4; lastKnownFileType = sourcecode.c.h; path = BMKUserLocation.h; sourceTree = "<group>"; };
		3C9B588A1A2417AC00132E55 /* BMKUtilsComponent.h */ = {isa = PBXFileReference; fileEncoding = 4; lastKnownFileType = sourcecode.c.h; path = BMKUtilsComponent.h; sourceTree = "<group>"; };
		3C9B588B1A2417AC00132E55 /* BMKVersion.h */ = {isa = PBXFileReference; fileEncoding = 4; lastKnownFileType = sourcecode.c.h; path = BMKVersion.h; sourceTree = "<group>"; };
		3C9B588C1A2417AC00132E55 /* readme.txt */ = {isa = PBXFileReference; fileEncoding = 4; lastKnownFileType = text; path = readme.txt; sourceTree = "<group>"; };
		3C9B58911A2417AC00132E55 /* BaiduMapManager.h */ = {isa = PBXFileReference; fileEncoding = 4; lastKnownFileType = sourcecode.c.h; path = BaiduMapManager.h; sourceTree = "<group>"; };
		3C9B58921A2417AC00132E55 /* BaiduMapManager.m */ = {isa = PBXFileReference; fileEncoding = 4; lastKnownFileType = sourcecode.c.objc; path = BaiduMapManager.m; sourceTree = "<group>"; };
		3C9B58931A2417AC00132E55 /* BusLineAnnotation.h */ = {isa = PBXFileReference; fileEncoding = 4; lastKnownFileType = sourcecode.c.h; path = BusLineAnnotation.h; sourceTree = "<group>"; };
		3C9B58941A2417AC00132E55 /* BusLineAnnotation.m */ = {isa = PBXFileReference; fileEncoding = 4; lastKnownFileType = sourcecode.c.objc; path = BusLineAnnotation.m; sourceTree = "<group>"; };
		3C9B58951A2417AC00132E55 /* CustomPaoPaoView.h */ = {isa = PBXFileReference; fileEncoding = 4; lastKnownFileType = sourcecode.c.h; path = CustomPaoPaoView.h; sourceTree = "<group>"; };
		3C9B58961A2417AC00132E55 /* CustomPaoPaoView.m */ = {isa = PBXFileReference; fileEncoding = 4; lastKnownFileType = sourcecode.c.objc; path = CustomPaoPaoView.m; sourceTree = "<group>"; };
		3C9B58981A2417AC00132E55 /* JSON.h */ = {isa = PBXFileReference; fileEncoding = 4; lastKnownFileType = sourcecode.c.h; path = JSON.h; sourceTree = "<group>"; };
		3C9B58991A2417AC00132E55 /* JSONParser.h */ = {isa = PBXFileReference; fileEncoding = 4; lastKnownFileType = sourcecode.c.h; path = JSONParser.h; sourceTree = "<group>"; };
		3C9B589A1A2417AC00132E55 /* MD5Digest.h */ = {isa = PBXFileReference; fileEncoding = 4; lastKnownFileType = sourcecode.c.h; path = MD5Digest.h; sourceTree = "<group>"; };
		3C9B589B1A2417AC00132E55 /* NSObject+SBJSON.h */ = {isa = PBXFileReference; fileEncoding = 4; lastKnownFileType = sourcecode.c.h; path = "NSObject+SBJSON.h"; sourceTree = "<group>"; };
		3C9B589C1A2417AC00132E55 /* NSString+SBJSON.h */ = {isa = PBXFileReference; fileEncoding = 4; lastKnownFileType = sourcecode.c.h; path = "NSString+SBJSON.h"; sourceTree = "<group>"; };
		3C9B589D1A2417AC00132E55 /* SBJSON.h */ = {isa = PBXFileReference; fileEncoding = 4; lastKnownFileType = sourcecode.c.h; path = SBJSON.h; sourceTree = "<group>"; };
		3C9B589E1A2417AC00132E55 /* SBJsonBase.h */ = {isa = PBXFileReference; fileEncoding = 4; lastKnownFileType = sourcecode.c.h; path = SBJsonBase.h; sourceTree = "<group>"; };
		3C9B589F1A2417AC00132E55 /* SBJsonParser.h */ = {isa = PBXFileReference; fileEncoding = 4; lastKnownFileType = sourcecode.c.h; path = SBJsonParser.h; sourceTree = "<group>"; };
		3C9B58A01A2417AC00132E55 /* SBJsonWriter.h */ = {isa = PBXFileReference; fileEncoding = 4; lastKnownFileType = sourcecode.c.h; path = SBJsonWriter.h; sourceTree = "<group>"; };
		3C9B58A11A2417AC00132E55 /* MapUtility.h */ = {isa = PBXFileReference; fileEncoding = 4; lastKnownFileType = sourcecode.c.h; path = MapUtility.h; sourceTree = "<group>"; };
		3C9B58A21A2417AC00132E55 /* MapUtility.m */ = {isa = PBXFileReference; fileEncoding = 4; lastKnownFileType = sourcecode.c.objc; path = MapUtility.m; sourceTree = "<group>"; };
		3C9B58A31A2417AC00132E55 /* RouteAnnotation.h */ = {isa = PBXFileReference; fileEncoding = 4; lastKnownFileType = sourcecode.c.h; path = RouteAnnotation.h; sourceTree = "<group>"; };
		3C9B58A41A2417AC00132E55 /* RouteAnnotation.m */ = {isa = PBXFileReference; fileEncoding = 4; lastKnownFileType = sourcecode.c.objc; path = RouteAnnotation.m; sourceTree = "<group>"; };
		3C9B58B11A241D5000132E55 /* libbaidumapapi.a */ = {isa = PBXFileReference; lastKnownFileType = archive.ar; path = libbaidumapapi.a; sourceTree = "<group>"; };
		3C9B58B31A241F8F00132E55 /* libAppCanEngine_IOS.a */ = {isa = PBXFileReference; lastKnownFileType = archive.ar; path = libAppCanEngine_IOS.a; sourceTree = "<group>"; };
		3C9B58B51A241FC400132E55 /* libz.dylib */ = {isa = PBXFileReference; lastKnownFileType = "compiled.mach-o.dylib"; name = libz.dylib; path = usr/lib/libz.dylib; sourceTree = SDKROOT; };
		3C9B58B61A241FC400132E55 /* libsqlite3.dylib */ = {isa = PBXFileReference; lastKnownFileType = "compiled.mach-o.dylib"; name = libsqlite3.dylib; path = usr/lib/libsqlite3.dylib; sourceTree = SDKROOT; };
		3C9B58B71A241FC400132E55 /* AudioToolbox.framework */ = {isa = PBXFileReference; lastKnownFileType = wrapper.framework; name = AudioToolbox.framework; path = System/Library/Frameworks/AudioToolbox.framework; sourceTree = SDKROOT; };
		3C9B58B81A241FC400132E55 /* MapKit.framework */ = {isa = PBXFileReference; lastKnownFileType = wrapper.framework; name = MapKit.framework; path = System/Library/Frameworks/MapKit.framework; sourceTree = SDKROOT; };
		3C9B58B91A241FC400132E55 /* CoreTelephony.framework */ = {isa = PBXFileReference; lastKnownFileType = wrapper.framework; name = CoreTelephony.framework; path = System/Library/Frameworks/CoreTelephony.framework; sourceTree = SDKROOT; };
		3C9B58BA1A241FC400132E55 /* MobileCoreServices.framework */ = {isa = PBXFileReference; lastKnownFileType = wrapper.framework; name = MobileCoreServices.framework; path = System/Library/Frameworks/MobileCoreServices.framework; sourceTree = SDKROOT; };
		3C9B58BB1A241FC400132E55 /* SystemConfiguration.framework */ = {isa = PBXFileReference; lastKnownFileType = wrapper.framework; name = SystemConfiguration.framework; path = System/Library/Frameworks/SystemConfiguration.framework; sourceTree = SDKROOT; };
		3C9B58BC1A241FC400132E55 /* UIKit.framework */ = {isa = PBXFileReference; lastKnownFileType = wrapper.framework; name = UIKit.framework; path = System/Library/Frameworks/UIKit.framework; sourceTree = SDKROOT; };
		3C9B58BD1A241FC400132E55 /* CoreGraphics.framework */ = {isa = PBXFileReference; lastKnownFileType = wrapper.framework; name = CoreGraphics.framework; path = System/Library/Frameworks/CoreGraphics.framework; sourceTree = SDKROOT; };
		3C9B58BE1A241FC400132E55 /* QuartzCore.framework */ = {isa = PBXFileReference; lastKnownFileType = wrapper.framework; name = QuartzCore.framework; path = System/Library/Frameworks/QuartzCore.framework; sourceTree = SDKROOT; };
		3C9B58CC1A2424A800132E55 /* CoreLocation.framework */ = {isa = PBXFileReference; lastKnownFileType = wrapper.framework; name = CoreLocation.framework; path = System/Library/Frameworks/CoreLocation.framework; sourceTree = SDKROOT; };
		F79188F11A240FC3003357BE /* uexBaiduMap.dylib */ = {isa = PBXFileReference; explicitFileType = "compiled.mach-o.dylib"; includeInIndex = 0; path = uexBaiduMap.dylib; sourceTree = BUILT_PRODUCTS_DIR; };
		F79188F41A240FC3003357BE /* Foundation.framework */ = {isa = PBXFileReference; lastKnownFileType = wrapper.framework; name = Foundation.framework; path = System/Library/Frameworks/Foundation.framework; sourceTree = SDKROOT; };
/* End PBXFileReference section */

/* Begin PBXFrameworksBuildPhase section */
		F79188EE1A240FC3003357BE /* Frameworks */ = {
			isa = PBXFrameworksBuildPhase;
			buildActionMask = 2147483647;
			files = (
				3C9B58CD1A2424A800132E55 /* CoreLocation.framework in Frameworks */,
				3C9B58C71A241FC400132E55 /* CoreGraphics.framework in Frameworks */,
				3C9B58C81A241FC400132E55 /* QuartzCore.framework in Frameworks */,
				F79188F51A240FC3003357BE /* Foundation.framework in Frameworks */,
				3C9B58C61A241FC400132E55 /* UIKit.framework in Frameworks */,
				3C9B58BF1A241FC400132E55 /* libz.dylib in Frameworks */,
				3C9B58B41A241F8F00132E55 /* libAppCanEngine_IOS.a in Frameworks */,
				3C9B58C01A241FC400132E55 /* libsqlite3.dylib in Frameworks */,
				3C9B58C31A241FC400132E55 /* CoreTelephony.framework in Frameworks */,
				3C9B58C21A241FC400132E55 /* MapKit.framework in Frameworks */,
				3C9B58C51A241FC400132E55 /* SystemConfiguration.framework in Frameworks */,
				3C9B58C41A241FC400132E55 /* MobileCoreServices.framework in Frameworks */,
				3C9B58B21A241D5000132E55 /* libbaidumapapi.a in Frameworks */,
				3C9B58C11A241FC400132E55 /* AudioToolbox.framework in Frameworks */,
			);
			runOnlyForDeploymentPostprocessing = 0;
		};
/* End PBXFrameworksBuildPhase section */

/* Begin PBXGroup section */
		3C9B58441A2417AC00132E55 /* engineHeader */ = {
			isa = PBXGroup;
			children = (
				3C9B58B31A241F8F00132E55 /* libAppCanEngine_IOS.a */,
				3C9B58451A2417AC00132E55 /* EUExBase.h */,
				3C9B58461A2417AC00132E55 /* EUExBaseDefine.h */,
				3C9B58471A2417AC00132E55 /* EUtility.h */,
			);
			name = engineHeader;
			path = EUExBaiduMap/engineHeader;
			sourceTree = SOURCE_ROOT;
		};
		3C9B584A1A2417AC00132E55 /* sourceCode */ = {
			isa = PBXGroup;
			children = (
				3C80C0761A2D9CAF00A3D8B9 /* BusLineObjct.h */,
				3C80C0771A2D9CAF00A3D8B9 /* BusLineObjct.mm */,
				3C80C0581A2D858300A3D8B9 /* SearchPlanObject.h */,
				3C80C0591A2D858300A3D8B9 /* SearchPlanObject.mm */,
				3C9B584B1A2417AC00132E55 /* ACPointAnnotation.h */,
				3C9B584C1A2417AC00132E55 /* ACPointAnnotation.m */,
				3C9B584D1A2417AC00132E55 /* BaiduMap_IOSSDK_v2.5.0_Lib */,
				3C9B58911A2417AC00132E55 /* BaiduMapManager.h */,
				3C9B58921A2417AC00132E55 /* BaiduMapManager.m */,
				3C9B58931A2417AC00132E55 /* BusLineAnnotation.h */,
				3C9B58941A2417AC00132E55 /* BusLineAnnotation.m */,
				3C9B58951A2417AC00132E55 /* CustomPaoPaoView.h */,
				3C9B58961A2417AC00132E55 /* CustomPaoPaoView.m */,
				3C9B58971A2417AC00132E55 /* JSON */,
				3C9B58A11A2417AC00132E55 /* MapUtility.h */,
				3C9B58A21A2417AC00132E55 /* MapUtility.m */,
				3C9B58A31A2417AC00132E55 /* RouteAnnotation.h */,
				3C9B58A41A2417AC00132E55 /* RouteAnnotation.m */,
			);
			name = sourceCode;
			path = EUExBaiduMap/sourceCode;
			sourceTree = SOURCE_ROOT;
		};
		3C9B584D1A2417AC00132E55 /* BaiduMap_IOSSDK_v2.5.0_Lib */ = {
			isa = PBXGroup;
			children = (
				3C9B58B01A241D5000132E55 /* Release-iphoneos */,
				3C9B584E1A2417AC00132E55 /* inc */,
				3C9B588C1A2417AC00132E55 /* readme.txt */,
			);
			path = BaiduMap_IOSSDK_v2.5.0_Lib;
			sourceTree = "<group>";
		};
		3C9B584E1A2417AC00132E55 /* inc */ = {
			isa = PBXGroup;
			children = (
				3C9B584F1A2417AC00132E55 /* BMapKit.h */,
				3C9B58501A2417AC00132E55 /* BMKActionPaopaoView.h */,
				3C9B58511A2417AC00132E55 /* BMKAnnotation.h */,
				3C9B58521A2417AC00132E55 /* BMKAnnotationView.h */,
				3C9B58531A2417AC00132E55 /* BMKArcline.h */,
				3C9B58541A2417AC00132E55 /* BMKArclineView.h */,
				3C9B58551A2417AC00132E55 /* BMKBaseComponent.h */,
				3C9B58561A2417AC00132E55 /* BMKBusLineSearch.h */,
				3C9B58571A2417AC00132E55 /* BMKBusLineSearchOption.h */,
				3C9B58581A2417AC00132E55 /* BMKCircle.h */,
				3C9B58591A2417AC00132E55 /* BMKCircleView.h */,
				3C9B585A1A2417AC00132E55 /* BMKCloudPOIList.h */,
				3C9B585B1A2417AC00132E55 /* BMKCloudSearch.h */,
				3C9B585C1A2417AC00132E55 /* BMKCloudSearchComponent.h */,
				3C9B585D1A2417AC00132E55 /* BMKCloudSearchInfo.h */,
				3C9B585E1A2417AC00132E55 /* BMKGeneralDelegate.h */,
				3C9B585F1A2417AC00132E55 /* BMKGeocodeSearch.h */,
				3C9B58601A2417AC00132E55 /* BMKGeocodeSearchOption.h */,
				3C9B58611A2417AC00132E55 /* BMKGeocodeType.h */,
				3C9B58621A2417AC00132E55 /* BMKGeometry.h */,
				3C9B58631A2417AC00132E55 /* BMKGradient.h */,
				3C9B58641A2417AC00132E55 /* BMKGroundOverlay.h */,
				3C9B58651A2417AC00132E55 /* BMKGroundOverlayView.h */,
				3C9B58661A2417AC00132E55 /* BMKHeatMap.h */,
				3C9B58671A2417AC00132E55 /* BMKLocationComponent.h */,
				3C9B58681A2417AC00132E55 /* BMKLocationService.h */,
				3C9B58691A2417AC00132E55 /* BMKLocationViewDisplayParam.h */,
				3C9B586A1A2417AC00132E55 /* BMKMapComponent.h */,
				3C9B586B1A2417AC00132E55 /* BMKMapManager.h */,
				3C9B586C1A2417AC00132E55 /* BMKMapStatus.h */,
				3C9B586D1A2417AC00132E55 /* BMKMapView.h */,
				3C9B586E1A2417AC00132E55 /* BMKMultiPoint.h */,
				3C9B586F1A2417AC00132E55 /* BMKNavigation.h */,
				3C9B58701A2417AC00132E55 /* BMKOfflineMap.h */,
				3C9B58711A2417AC00132E55 /* BMKOfflineMapType.h */,
				3C9B58721A2417AC00132E55 /* BMKOverlay.h */,
				3C9B58731A2417AC00132E55 /* BMKOverlayGLBasicView.h */,
				3C9B58741A2417AC00132E55 /* BMKOverlayPathView.h */,
				3C9B58751A2417AC00132E55 /* BMKOverlayView.h */,
				3C9B58761A2417AC00132E55 /* BMKPinAnnotationView.h */,
				3C9B58771A2417AC00132E55 /* BMKPointAnnotation.h */,
				3C9B58781A2417AC00132E55 /* BMKPoiSearch.h */,
				3C9B58791A2417AC00132E55 /* BMKPoiSearchOption.h */,
				3C9B587A1A2417AC00132E55 /* BMKPoiSearchType.h */,
				3C9B587B1A2417AC00132E55 /* BMKPolygon.h */,
				3C9B587C1A2417AC00132E55 /* BMKPolygonView.h */,
				3C9B587D1A2417AC00132E55 /* BMKPolyline.h */,
				3C9B587E1A2417AC00132E55 /* BMKPolylineView.h */,
				3C9B587F1A2417AC00132E55 /* BMKRouteSearch.h */,
				3C9B58801A2417AC00132E55 /* BMKRouteSearchOption.h */,
				3C9B58811A2417AC00132E55 /* BMKRouteSearchType.h */,
				3C9B58821A2417AC00132E55 /* BMKSearchComponent.h */,
				3C9B58831A2417AC00132E55 /* BMKShape.h */,
				3C9B58841A2417AC00132E55 /* BMKShareURLSearch.h */,
				3C9B58851A2417AC00132E55 /* BMKShareUrlSearchOption.h */,
				3C9B58861A2417AC00132E55 /* BMKSuggestionSearch.h */,
				3C9B58871A2417AC00132E55 /* BMKSuggestionSearchOption.h */,
				3C9B58881A2417AC00132E55 /* BMKTypes.h */,
				3C9B58891A2417AC00132E55 /* BMKUserLocation.h */,
				3C9B588A1A2417AC00132E55 /* BMKUtilsComponent.h */,
				3C9B588B1A2417AC00132E55 /* BMKVersion.h */,
			);
			path = inc;
			sourceTree = "<group>";
		};
		3C9B58971A2417AC00132E55 /* JSON */ = {
			isa = PBXGroup;
			children = (
				3C9B58981A2417AC00132E55 /* JSON.h */,
				3C9B58991A2417AC00132E55 /* JSONParser.h */,
				3C9B589A1A2417AC00132E55 /* MD5Digest.h */,
				3C9B589B1A2417AC00132E55 /* NSObject+SBJSON.h */,
				3C9B589C1A2417AC00132E55 /* NSString+SBJSON.h */,
				3C9B589D1A2417AC00132E55 /* SBJSON.h */,
				3C9B589E1A2417AC00132E55 /* SBJsonBase.h */,
				3C9B589F1A2417AC00132E55 /* SBJsonParser.h */,
				3C9B58A01A2417AC00132E55 /* SBJsonWriter.h */,
			);
			path = JSON;
			sourceTree = "<group>";
		};
		3C9B58B01A241D5000132E55 /* Release-iphoneos */ = {
			isa = PBXGroup;
			children = (
				3C9B58B11A241D5000132E55 /* libbaidumapapi.a */,
			);
			path = "Release-iphoneos";
			sourceTree = "<group>";
		};
		F79188E81A240FC3003357BE = {
			isa = PBXGroup;
			children = (
				F79188F61A240FC3003357BE /* uexBaiduMap */,
				F79188F31A240FC3003357BE /* Frameworks */,
				F79188F21A240FC3003357BE /* Products */,
			);
			sourceTree = "<group>";
		};
		F79188F21A240FC3003357BE /* Products */ = {
			isa = PBXGroup;
			children = (
				F79188F11A240FC3003357BE /* uexBaiduMap.dylib */,
			);
			name = Products;
			sourceTree = "<group>";
		};
		F79188F31A240FC3003357BE /* Frameworks */ = {
			isa = PBXGroup;
			children = (
				3C9B58CC1A2424A800132E55 /* CoreLocation.framework */,
				3C9B58B51A241FC400132E55 /* libz.dylib */,
				3C9B58B61A241FC400132E55 /* libsqlite3.dylib */,
				3C9B58B71A241FC400132E55 /* AudioToolbox.framework */,
				3C9B58B81A241FC400132E55 /* MapKit.framework */,
				3C9B58B91A241FC400132E55 /* CoreTelephony.framework */,
				3C9B58BA1A241FC400132E55 /* MobileCoreServices.framework */,
				3C9B58BB1A241FC400132E55 /* SystemConfiguration.framework */,
				3C9B58BC1A241FC400132E55 /* UIKit.framework */,
				3C9B58BD1A241FC400132E55 /* CoreGraphics.framework */,
				3C9B58BE1A241FC400132E55 /* QuartzCore.framework */,
				F79188F41A240FC3003357BE /* Foundation.framework */,
			);
			name = Frameworks;
			sourceTree = "<group>";
		};
		F79188F61A240FC3003357BE /* uexBaiduMap */ = {
			isa = PBXGroup;
			children = (
				3C9B58441A2417AC00132E55 /* engineHeader */,
				3C9B58481A2417AC00132E55 /* EUExBaiduMap.h */,
				3C9B58491A2417AC00132E55 /* EUExBaiduMap.mm */,
				3C9B584A1A2417AC00132E55 /* sourceCode */,
				F79188F71A240FC3003357BE /* Supporting Files */,
			);
			path = uexBaiduMap;
			sourceTree = "<group>";
		};
		F79188F71A240FC3003357BE /* Supporting Files */ = {
			isa = PBXGroup;
			children = (
			);
			name = "Supporting Files";
			sourceTree = "<group>";
		};
/* End PBXGroup section */

/* Begin PBXNativeTarget section */
		F79188F01A240FC3003357BE /* uexBaiduMap */ = {
			isa = PBXNativeTarget;
			buildConfigurationList = F79189141A240FC4003357BE /* Build configuration list for PBXNativeTarget "uexBaiduMap" */;
			buildPhases = (
				F79188ED1A240FC3003357BE /* Sources */,
				F79188EE1A240FC3003357BE /* Frameworks */,
				F79188EF1A240FC3003357BE /* CopyFiles */,
			);
			buildRules = (
			);
			dependencies = (
			);
			name = uexBaiduMap;
			productName = uexBaiduMap;
			productReference = F79188F11A240FC3003357BE /* uexBaiduMap.dylib */;
			productType = "com.apple.product-type.library.dynamic";
		};
/* End PBXNativeTarget section */

/* Begin PBXProject section */
		F79188E91A240FC3003357BE /* Project object */ = {
			isa = PBXProject;
			attributes = {
				LastUpgradeCheck = 0510;
				ORGANIZATIONNAME = AppCan.can;
			};
			buildConfigurationList = F79188EC1A240FC3003357BE /* Build configuration list for PBXProject "uexBaiduMap" */;
			compatibilityVersion = "Xcode 3.2";
			developmentRegion = English;
			hasScannedForEncodings = 0;
			knownRegions = (
				en,
			);
			mainGroup = F79188E81A240FC3003357BE;
			productRefGroup = F79188F21A240FC3003357BE /* Products */;
			projectDirPath = "";
			projectRoot = "";
			targets = (
				F79188F01A240FC3003357BE /* uexBaiduMap */,
			);
		};
/* End PBXProject section */

/* Begin PBXSourcesBuildPhase section */
		F79188ED1A240FC3003357BE /* Sources */ = {
			isa = PBXSourcesBuildPhase;
			buildActionMask = 2147483647;
			files = (
				3C9B58A51A2417AC00132E55 /* EUExBaiduMap.mm in Sources */,
				3C80C0781A2D9CAF00A3D8B9 /* BusLineObjct.mm in Sources */,
				3C9B58A91A2417AC00132E55 /* BaiduMapManager.m in Sources */,
				3C9B58AD1A2417AC00132E55 /* RouteAnnotation.m in Sources */,
				3C80C05A1A2D858300A3D8B9 /* SearchPlanObject.mm in Sources */,
				3C9B58A61A2417AC00132E55 /* ACPointAnnotation.m in Sources */,
				3C9B58AA1A2417AC00132E55 /* BusLineAnnotation.m in Sources */,
				3C9B58AB1A2417AC00132E55 /* CustomPaoPaoView.m in Sources */,
				3C9B58AC1A2417AC00132E55 /* MapUtility.m in Sources */,
			);
			runOnlyForDeploymentPostprocessing = 0;
		};
/* End PBXSourcesBuildPhase section */

/* Begin XCBuildConfiguration section */
		F79189121A240FC3003357BE /* Debug */ = {
			isa = XCBuildConfiguration;
			buildSettings = {
				ALWAYS_SEARCH_USER_PATHS = NO;
				CLANG_CXX_LANGUAGE_STANDARD = "gnu++0x";
				CLANG_CXX_LIBRARY = "libc++";
				CLANG_ENABLE_MODULES = YES;
				CLANG_ENABLE_OBJC_ARC = NO;
				CLANG_WARN_BOOL_CONVERSION = YES;
				CLANG_WARN_CONSTANT_CONVERSION = YES;
				CLANG_WARN_DIRECT_OBJC_ISA_USAGE = YES_ERROR;
				CLANG_WARN_EMPTY_BODY = YES;
				CLANG_WARN_ENUM_CONVERSION = YES;
				CLANG_WARN_INT_CONVERSION = YES;
				CLANG_WARN_OBJC_ROOT_CLASS = YES_ERROR;
				CLANG_WARN__DUPLICATE_METHOD_MATCH = YES;
				CODE_SIGN_IDENTITY = "iPhone Distribution: Zhengyi Wireless(Beijing) Technology Co., Ltd.";
				COPY_PHASE_STRIP = NO;
				GCC_C_LANGUAGE_STANDARD = gnu99;
				GCC_DYNAMIC_NO_PIC = NO;
				GCC_OPTIMIZATION_LEVEL = 0;
				GCC_PREPROCESSOR_DEFINITIONS = (
					"DEBUG=1",
					"$(inherited)",
				);
				GCC_SYMBOLS_PRIVATE_EXTERN = NO;
				GCC_WARN_64_TO_32_BIT_CONVERSION = YES;
				GCC_WARN_ABOUT_RETURN_TYPE = YES_ERROR;
				GCC_WARN_UNDECLARED_SELECTOR = YES;
				GCC_WARN_UNINITIALIZED_AUTOS = YES_AGGRESSIVE;
				GCC_WARN_UNUSED_FUNCTION = YES;
				GCC_WARN_UNUSED_VARIABLE = YES;
				IPHONEOS_DEPLOYMENT_TARGET = 5.0;
				ONLY_ACTIVE_ARCH = NO;
				SDKROOT = iphoneos;
				VALID_ARCHS = "armv7s armv7";
			};
			name = Debug;
		};
		F79189131A240FC3003357BE /* Release */ = {
			isa = XCBuildConfiguration;
			buildSettings = {
				ALWAYS_SEARCH_USER_PATHS = NO;
				CLANG_CXX_LANGUAGE_STANDARD = "gnu++0x";
				CLANG_CXX_LIBRARY = "libc++";
				CLANG_ENABLE_MODULES = YES;
				CLANG_ENABLE_OBJC_ARC = NO;
				CLANG_WARN_BOOL_CONVERSION = YES;
				CLANG_WARN_CONSTANT_CONVERSION = YES;
				CLANG_WARN_DIRECT_OBJC_ISA_USAGE = YES_ERROR;
				CLANG_WARN_EMPTY_BODY = YES;
				CLANG_WARN_ENUM_CONVERSION = YES;
				CLANG_WARN_INT_CONVERSION = YES;
				CLANG_WARN_OBJC_ROOT_CLASS = YES_ERROR;
				CLANG_WARN__DUPLICATE_METHOD_MATCH = YES;
				CODE_SIGN_IDENTITY = "iPhone Distribution: Zhengyi Wireless(Beijing) Technology Co., Ltd.";
				COPY_PHASE_STRIP = YES;
				ENABLE_NS_ASSERTIONS = NO;
				GCC_C_LANGUAGE_STANDARD = gnu99;
				GCC_WARN_64_TO_32_BIT_CONVERSION = YES;
				GCC_WARN_ABOUT_RETURN_TYPE = YES_ERROR;
				GCC_WARN_UNDECLARED_SELECTOR = YES;
				GCC_WARN_UNINITIALIZED_AUTOS = YES_AGGRESSIVE;
				GCC_WARN_UNUSED_FUNCTION = YES;
				GCC_WARN_UNUSED_VARIABLE = YES;
				IPHONEOS_DEPLOYMENT_TARGET = 5.0;
				ONLY_ACTIVE_ARCH = NO;
				SDKROOT = iphoneos;
				VALIDATE_PRODUCT = YES;
				VALID_ARCHS = "armv7s armv7";
			};
			name = Release;
		};
		F79189151A240FC4003357BE /* Debug */ = {
			isa = XCBuildConfiguration;
			buildSettings = {
				CODE_SIGN_IDENTITY = "iPhone Developer: Wang GuoChun (GJL3LN9D59)";
				CONFIGURATION_BUILD_DIR = "$(SRCROOT)/uexBaiduMap/";
				DSTROOT = /tmp/uexBaiduMap.dst;
				GCC_PRECOMPILE_PREFIX_HEADER = YES;
				GCC_PREFIX_HEADER = "";
				LIBRARY_SEARCH_PATHS = (
					"$(inherited)",
					"$(PROJECT_DIR)/EUExBaiduMap/sourceCode/BaiduMap_IOSSDK_v2.5.0_Lib/Release-iphoneos",
					"$(PROJECT_DIR)/EUExBaiduMap/sourceCode/BaiduMap_IOSSDK_v2.5.0_Lib/Release-iphonesimulator",
					"$(PROJECT_DIR)/EUExBaiduMap/engineHeader",
				);
				OTHER_LDFLAGS = "-ObjC";
				PRODUCT_NAME = "$(TARGET_NAME)";
				PROVISIONING_PROFILE = "";
				SKIP_INSTALL = YES;
			};
			name = Debug;
		};
		F79189161A240FC4003357BE /* Release */ = {
			isa = XCBuildConfiguration;
			buildSettings = {
				CODE_SIGN_IDENTITY = "iPhone Developer: Wang GuoChun (GJL3LN9D59)";
				CONFIGURATION_BUILD_DIR = "$(SRCROOT)/uexBaiduMap/";
				DSTROOT = /tmp/uexBaiduMap.dst;
				GCC_PRECOMPILE_PREFIX_HEADER = YES;
				GCC_PREFIX_HEADER = "";
				LIBRARY_SEARCH_PATHS = (
					"$(inherited)",
					"$(PROJECT_DIR)/EUExBaiduMap/sourceCode/BaiduMap_IOSSDK_v2.5.0_Lib/Release-iphoneos",
					"$(PROJECT_DIR)/EUExBaiduMap/sourceCode/BaiduMap_IOSSDK_v2.5.0_Lib/Release-iphonesimulator",
					"$(PROJECT_DIR)/EUExBaiduMap/engineHeader",
				);
				OTHER_LDFLAGS = "-ObjC";
				PRODUCT_NAME = "$(TARGET_NAME)";
				PROVISIONING_PROFILE = "";
				SKIP_INSTALL = YES;
			};
			name = Release;
		};
/* End XCBuildConfiguration section */

/* Begin XCConfigurationList section */
		F79188EC1A240FC3003357BE /* Build configuration list for PBXProject "uexBaiduMap" */ = {
			isa = XCConfigurationList;
			buildConfigurations = (
				F79189121A240FC3003357BE /* Debug */,
				F79189131A240FC3003357BE /* Release */,
			);
			defaultConfigurationIsVisible = 0;
			defaultConfigurationName = Release;
		};
		F79189141A240FC4003357BE /* Build configuration list for PBXNativeTarget "uexBaiduMap" */ = {
			isa = XCConfigurationList;
			buildConfigurations = (
				F79189151A240FC4003357BE /* Debug */,
				F79189161A240FC4003357BE /* Release */,
			);
			defaultConfigurationIsVisible = 0;
			defaultConfigurationName = Release;
		};
/* End XCConfigurationList section */
	};
	rootObject = F79188E91A240FC3003357BE /* Project object */;
}
