// !$*UTF8*$!
{
	archiveVersion = 1;
	classes = {
	};
	objectVersion = 46;
	objects = {

/* Begin PBXBuildFile section */
		3C70BD201A0733D200C32A1F /* EUExBaiduMap.h in CopyFiles */ = {isa = PBXBuildFile; fileRef = 3C70BD1F1A0733D200C32A1F /* EUExBaiduMap.h */; };
		3C70BD221A0733D200C32A1F /* EUExBaiduMap.mm in Sources */ = {isa = PBXBuildFile; fileRef = 3C70BD211A0733D200C32A1F /* EUExBaiduMap.mm */; };
		3C80C04B1A2D4EBA00A3D8B9 /* SearchPlanObject.mm in Sources */ = {isa = PBXBuildFile; fileRef = 3C80C04A1A2D4EBA00A3D8B9 /* SearchPlanObject.mm */; };
		3C80C05D1A2D8FC200A3D8B9 /* BusLineObjct.mm in Sources */ = {isa = PBXBuildFile; fileRef = 3C80C05C1A2D8FC200A3D8B9 /* BusLineObjct.mm */; };
		3C84321E1A20498B00D369B4 /* BaiduMapManager.m in Sources */ = {isa = PBXBuildFile; fileRef = 3C84321D1A20498B00D369B4 /* BaiduMapManager.m */; };
		3C9B58CB1A24202300132E55 /* libbaidumapapi.a in Frameworks */ = {isa = PBXBuildFile; fileRef = 3C9B58CA1A24202300132E55 /* libbaidumapapi.a */; };
		3CBD3E221A233E71006A8380 /* BusLineAnnotation.m in Sources */ = {isa = PBXBuildFile; fileRef = 3CBD3E211A233E71006A8380 /* BusLineAnnotation.m */; };
		3CBD3E251A235297006A8380 /* RouteAnnotation.m in Sources */ = {isa = PBXBuildFile; fileRef = 3CBD3E241A235297006A8380 /* RouteAnnotation.m */; };
		3CCBEDA21A22FF7700051AAE /* CustomPaoPaoView.m in Sources */ = {isa = PBXBuildFile; fileRef = 3CCBEDA11A22FF7700051AAE /* CustomPaoPaoView.m */; };
		3CEE01CF1A16FCBC007A5D40 /* MapUtility.m in Sources */ = {isa = PBXBuildFile; fileRef = 3CEE01CE1A16FCBC007A5D40 /* MapUtility.m */; };
		3CEE01D21A16FE3D007A5D40 /* ACPointAnnotation.m in Sources */ = {isa = PBXBuildFile; fileRef = 3CEE01D11A16FE3D007A5D40 /* ACPointAnnotation.m */; };
		3CEE01D41A170DE1007A5D40 /* CoreLocation.framework in Frameworks */ = {isa = PBXBuildFile; fileRef = 3CEE01D31A170DE1007A5D40 /* CoreLocation.framework */; };
/* End PBXBuildFile section */

/* Begin PBXCopyFilesBuildPhase section */
		3C70BD1A1A0733D200C32A1F /* CopyFiles */ = {
			isa = PBXCopyFilesBuildPhase;
			buildActionMask = 2147483647;
			dstPath = "include/$(PRODUCT_NAME)";
			dstSubfolderSpec = 16;
			files = (
				3C70BD201A0733D200C32A1F /* EUExBaiduMap.h in CopyFiles */,
			);
			runOnlyForDeploymentPostprocessing = 0;
		};
/* End PBXCopyFilesBuildPhase section */

/* Begin PBXFileReference section */
		3C70BD1C1A0733D200C32A1F /* libuexBaiduMap.a */ = {isa = PBXFileReference; explicitFileType = archive.ar; includeInIndex = 0; path = libuexBaiduMap.a; sourceTree = BUILT_PRODUCTS_DIR; };
		3C70BD1F1A0733D200C32A1F /* EUExBaiduMap.h */ = {isa = PBXFileReference; lastKnownFileType = sourcecode.c.h; path = EUExBaiduMap.h; sourceTree = "<group>"; };
		3C70BD211A0733D200C32A1F /* EUExBaiduMap.mm */ = {isa = PBXFileReference; lastKnownFileType = sourcecode.cpp.objcpp; path = EUExBaiduMap.mm; sourceTree = "<group>"; };
		3C70BD3A1A07353600C32A1F /* EUExBase.h */ = {isa = PBXFileReference; fileEncoding = 4; lastKnownFileType = sourcecode.c.h; path = EUExBase.h; sourceTree = "<group>"; };
		3C70BD3B1A07353600C32A1F /* EUExBaseDefine.h */ = {isa = PBXFileReference; fileEncoding = 4; lastKnownFileType = sourcecode.c.h; path = EUExBaseDefine.h; sourceTree = "<group>"; };
		3C70BD3C1A07353600C32A1F /* EUtility.h */ = {isa = PBXFileReference; fileEncoding = 4; lastKnownFileType = sourcecode.c.h; path = EUtility.h; sourceTree = "<group>"; };
		3C70BD441A0760DF00C32A1F /* BMapKit.h */ = {isa = PBXFileReference; fileEncoding = 4; lastKnownFileType = sourcecode.c.h; path = BMapKit.h; sourceTree = "<group>"; };
		3C70BD451A0760DF00C32A1F /* BMKActionPaopaoView.h */ = {isa = PBXFileReference; fileEncoding = 4; lastKnownFileType = sourcecode.c.h; path = BMKActionPaopaoView.h; sourceTree = "<group>"; };
		3C70BD461A0760DF00C32A1F /* BMKAnnotation.h */ = {isa = PBXFileReference; fileEncoding = 4; lastKnownFileType = sourcecode.c.h; path = BMKAnnotation.h; sourceTree = "<group>"; };
		3C70BD471A0760DF00C32A1F /* BMKAnnotationView.h */ = {isa = PBXFileReference; fileEncoding = 4; lastKnownFileType = sourcecode.c.h; path = BMKAnnotationView.h; sourceTree = "<group>"; };
		3C70BD481A0760DF00C32A1F /* BMKArcline.h */ = {isa = PBXFileReference; fileEncoding = 4; lastKnownFileType = sourcecode.c.h; path = BMKArcline.h; sourceTree = "<group>"; };
		3C70BD491A0760DF00C32A1F /* BMKArclineView.h */ = {isa = PBXFileReference; fileEncoding = 4; lastKnownFileType = sourcecode.c.h; path = BMKArclineView.h; sourceTree = "<group>"; };
		3C70BD4A1A0760DF00C32A1F /* BMKBaseComponent.h */ = {isa = PBXFileReference; fileEncoding = 4; lastKnownFileType = sourcecode.c.h; path = BMKBaseComponent.h; sourceTree = "<group>"; };
		3C70BD4B1A0760DF00C32A1F /* BMKBusLineSearch.h */ = {isa = PBXFileReference; fileEncoding = 4; lastKnownFileType = sourcecode.c.h; path = BMKBusLineSearch.h; sourceTree = "<group>"; };
		3C70BD4C1A0760DF00C32A1F /* BMKBusLineSearchOption.h */ = {isa = PBXFileReference; fileEncoding = 4; lastKnownFileType = sourcecode.c.h; path = BMKBusLineSearchOption.h; sourceTree = "<group>"; };
		3C70BD4D1A0760DF00C32A1F /* BMKCircle.h */ = {isa = PBXFileReference; fileEncoding = 4; lastKnownFileType = sourcecode.c.h; path = BMKCircle.h; sourceTree = "<group>"; };
		3C70BD4E1A0760DF00C32A1F /* BMKCircleView.h */ = {isa = PBXFileReference; fileEncoding = 4; lastKnownFileType = sourcecode.c.h; path = BMKCircleView.h; sourceTree = "<group>"; };
		3C70BD4F1A0760DF00C32A1F /* BMKCloudPOIList.h */ = {isa = PBXFileReference; fileEncoding = 4; lastKnownFileType = sourcecode.c.h; path = BMKCloudPOIList.h; sourceTree = "<group>"; };
		3C70BD501A0760DF00C32A1F /* BMKCloudSearch.h */ = {isa = PBXFileReference; fileEncoding = 4; lastKnownFileType = sourcecode.c.h; path = BMKCloudSearch.h; sourceTree = "<group>"; };
		3C70BD511A0760DF00C32A1F /* BMKCloudSearchComponent.h */ = {isa = PBXFileReference; fileEncoding = 4; lastKnownFileType = sourcecode.c.h; path = BMKCloudSearchComponent.h; sourceTree = "<group>"; };
		3C70BD521A0760DF00C32A1F /* BMKCloudSearchInfo.h */ = {isa = PBXFileReference; fileEncoding = 4; lastKnownFileType = sourcecode.c.h; path = BMKCloudSearchInfo.h; sourceTree = "<group>"; };
		3C70BD531A0760DF00C32A1F /* BMKGeneralDelegate.h */ = {isa = PBXFileReference; fileEncoding = 4; lastKnownFileType = sourcecode.c.h; path = BMKGeneralDelegate.h; sourceTree = "<group>"; };
		3C70BD541A0760DF00C32A1F /* BMKGeocodeSearch.h */ = {isa = PBXFileReference; fileEncoding = 4; lastKnownFileType = sourcecode.c.h; path = BMKGeocodeSearch.h; sourceTree = "<group>"; };
		3C70BD551A0760DF00C32A1F /* BMKGeocodeSearchOption.h */ = {isa = PBXFileReference; fileEncoding = 4; lastKnownFileType = sourcecode.c.h; path = BMKGeocodeSearchOption.h; sourceTree = "<group>"; };
		3C70BD561A0760DF00C32A1F /* BMKGeocodeType.h */ = {isa = PBXFileReference; fileEncoding = 4; lastKnownFileType = sourcecode.c.h; path = BMKGeocodeType.h; sourceTree = "<group>"; };
		3C70BD571A0760DF00C32A1F /* BMKGeometry.h */ = {isa = PBXFileReference; fileEncoding = 4; lastKnownFileType = sourcecode.c.h; path = BMKGeometry.h; sourceTree = "<group>"; };
		3C70BD581A0760DF00C32A1F /* BMKGradient.h */ = {isa = PBXFileReference; fileEncoding = 4; lastKnownFileType = sourcecode.c.h; path = BMKGradient.h; sourceTree = "<group>"; };
		3C70BD591A0760DF00C32A1F /* BMKGroundOverlay.h */ = {isa = PBXFileReference; fileEncoding = 4; lastKnownFileType = sourcecode.c.h; path = BMKGroundOverlay.h; sourceTree = "<group>"; };
		3C70BD5A1A0760DF00C32A1F /* BMKGroundOverlayView.h */ = {isa = PBXFileReference; fileEncoding = 4; lastKnownFileType = sourcecode.c.h; path = BMKGroundOverlayView.h; sourceTree = "<group>"; };
		3C70BD5B1A0760DF00C32A1F /* BMKHeatMap.h */ = {isa = PBXFileReference; fileEncoding = 4; lastKnownFileType = sourcecode.c.h; path = BMKHeatMap.h; sourceTree = "<group>"; };
		3C70BD5C1A0760DF00C32A1F /* BMKLocationComponent.h */ = {isa = PBXFileReference; fileEncoding = 4; lastKnownFileType = sourcecode.c.h; path = BMKLocationComponent.h; sourceTree = "<group>"; };
		3C70BD5D1A0760DF00C32A1F /* BMKLocationService.h */ = {isa = PBXFileReference; fileEncoding = 4; lastKnownFileType = sourcecode.c.h; path = BMKLocationService.h; sourceTree = "<group>"; };
		3C70BD5E1A0760DF00C32A1F /* BMKLocationViewDisplayParam.h */ = {isa = PBXFileReference; fileEncoding = 4; lastKnownFileType = sourcecode.c.h; path = BMKLocationViewDisplayParam.h; sourceTree = "<group>"; };
		3C70BD5F1A0760DF00C32A1F /* BMKMapComponent.h */ = {isa = PBXFileReference; fileEncoding = 4; lastKnownFileType = sourcecode.c.h; path = BMKMapComponent.h; sourceTree = "<group>"; };
		3C70BD601A0760DF00C32A1F /* BMKMapManager.h */ = {isa = PBXFileReference; fileEncoding = 4; lastKnownFileType = sourcecode.c.h; path = BMKMapManager.h; sourceTree = "<group>"; };
		3C70BD611A0760DF00C32A1F /* BMKMapStatus.h */ = {isa = PBXFileReference; fileEncoding = 4; lastKnownFileType = sourcecode.c.h; path = BMKMapStatus.h; sourceTree = "<group>"; };
		3C70BD621A0760DF00C32A1F /* BMKMapView.h */ = {isa = PBXFileReference; fileEncoding = 4; lastKnownFileType = sourcecode.c.h; path = BMKMapView.h; sourceTree = "<group>"; };
		3C70BD631A0760DF00C32A1F /* BMKMultiPoint.h */ = {isa = PBXFileReference; fileEncoding = 4; lastKnownFileType = sourcecode.c.h; path = BMKMultiPoint.h; sourceTree = "<group>"; };
		3C70BD641A0760DF00C32A1F /* BMKNavigation.h */ = {isa = PBXFileReference; fileEncoding = 4; lastKnownFileType = sourcecode.c.h; path = BMKNavigation.h; sourceTree = "<group>"; };
		3C70BD651A0760DF00C32A1F /* BMKOfflineMap.h */ = {isa = PBXFileReference; fileEncoding = 4; lastKnownFileType = sourcecode.c.h; path = BMKOfflineMap.h; sourceTree = "<group>"; };
		3C70BD661A0760DF00C32A1F /* BMKOfflineMapType.h */ = {isa = PBXFileReference; fileEncoding = 4; lastKnownFileType = sourcecode.c.h; path = BMKOfflineMapType.h; sourceTree = "<group>"; };
		3C70BD671A0760DF00C32A1F /* BMKOverlay.h */ = {isa = PBXFileReference; fileEncoding = 4; lastKnownFileType = sourcecode.c.h; path = BMKOverlay.h; sourceTree = "<group>"; };
		3C70BD681A0760DF00C32A1F /* BMKOverlayGLBasicView.h */ = {isa = PBXFileReference; fileEncoding = 4; lastKnownFileType = sourcecode.c.h; path = BMKOverlayGLBasicView.h; sourceTree = "<group>"; };
		3C70BD691A0760DF00C32A1F /* BMKOverlayPathView.h */ = {isa = PBXFileReference; fileEncoding = 4; lastKnownFileType = sourcecode.c.h; path = BMKOverlayPathView.h; sourceTree = "<group>"; };
		3C70BD6A1A0760DF00C32A1F /* BMKOverlayView.h */ = {isa = PBXFileReference; fileEncoding = 4; lastKnownFileType = sourcecode.c.h; path = BMKOverlayView.h; sourceTree = "<group>"; };
		3C70BD6B1A0760DF00C32A1F /* BMKPinAnnotationView.h */ = {isa = PBXFileReference; fileEncoding = 4; lastKnownFileType = sourcecode.c.h; path = BMKPinAnnotationView.h; sourceTree = "<group>"; };
		3C70BD6C1A0760DF00C32A1F /* BMKPointAnnotation.h */ = {isa = PBXFileReference; fileEncoding = 4; lastKnownFileType = sourcecode.c.h; path = BMKPointAnnotation.h; sourceTree = "<group>"; };
		3C70BD6D1A0760DF00C32A1F /* BMKPoiSearch.h */ = {isa = PBXFileReference; fileEncoding = 4; lastKnownFileType = sourcecode.c.h; path = BMKPoiSearch.h; sourceTree = "<group>"; };
		3C70BD6E1A0760DF00C32A1F /* BMKPoiSearchOption.h */ = {isa = PBXFileReference; fileEncoding = 4; lastKnownFileType = sourcecode.c.h; path = BMKPoiSearchOption.h; sourceTree = "<group>"; };
		3C70BD6F1A0760DF00C32A1F /* BMKPoiSearchType.h */ = {isa = PBXFileReference; fileEncoding = 4; lastKnownFileType = sourcecode.c.h; path = BMKPoiSearchType.h; sourceTree = "<group>"; };
		3C70BD701A0760DF00C32A1F /* BMKPolygon.h */ = {isa = PBXFileReference; fileEncoding = 4; lastKnownFileType = sourcecode.c.h; path = BMKPolygon.h; sourceTree = "<group>"; };
		3C70BD711A0760DF00C32A1F /* BMKPolygonView.h */ = {isa = PBXFileReference; fileEncoding = 4; lastKnownFileType = sourcecode.c.h; path = BMKPolygonView.h; sourceTree = "<group>"; };
		3C70BD721A0760DF00C32A1F /* BMKPolyline.h */ = {isa = PBXFileReference; fileEncoding = 4; lastKnownFileType = sourcecode.c.h; path = BMKPolyline.h; sourceTree = "<group>"; };
		3C70BD731A0760DF00C32A1F /* BMKPolylineView.h */ = {isa = PBXFileReference; fileEncoding = 4; lastKnownFileType = sourcecode.c.h; path = BMKPolylineView.h; sourceTree = "<group>"; };
		3C70BD741A0760DF00C32A1F /* BMKRouteSearch.h */ = {isa = PBXFileReference; fileEncoding = 4; lastKnownFileType = sourcecode.c.h; path = BMKRouteSearch.h; sourceTree = "<group>"; };
		3C70BD751A0760DF00C32A1F /* BMKRouteSearchOption.h */ = {isa = PBXFileReference; fileEncoding = 4; lastKnownFileType = sourcecode.c.h; path = BMKRouteSearchOption.h; sourceTree = "<group>"; };
		3C70BD761A0760DF00C32A1F /* BMKRouteSearchType.h */ = {isa = PBXFileReference; fileEncoding = 4; lastKnownFileType = sourcecode.c.h; path = BMKRouteSearchType.h; sourceTree = "<group>"; };
		3C70BD771A0760DF00C32A1F /* BMKSearchComponent.h */ = {isa = PBXFileReference; fileEncoding = 4; lastKnownFileType = sourcecode.c.h; path = BMKSearchComponent.h; sourceTree = "<group>"; };
		3C70BD781A0760E000C32A1F /* BMKShape.h */ = {isa = PBXFileReference; fileEncoding = 4; lastKnownFileType = sourcecode.c.h; path = BMKShape.h; sourceTree = "<group>"; };
		3C70BD791A0760E000C32A1F /* BMKShareURLSearch.h */ = {isa = PBXFileReference; fileEncoding = 4; lastKnownFileType = sourcecode.c.h; path = BMKShareURLSearch.h; sourceTree = "<group>"; };
		3C70BD7A1A0760E000C32A1F /* BMKShareUrlSearchOption.h */ = {isa = PBXFileReference; fileEncoding = 4; lastKnownFileType = sourcecode.c.h; path = BMKShareUrlSearchOption.h; sourceTree = "<group>"; };
		3C70BD7B1A0760E000C32A1F /* BMKSuggestionSearch.h */ = {isa = PBXFileReference; fileEncoding = 4; lastKnownFileType = sourcecode.c.h; path = BMKSuggestionSearch.h; sourceTree = "<group>"; };
		3C70BD7C1A0760E000C32A1F /* BMKSuggestionSearchOption.h */ = {isa = PBXFileReference; fileEncoding = 4; lastKnownFileType = sourcecode.c.h; path = BMKSuggestionSearchOption.h; sourceTree = "<group>"; };
		3C70BD7D1A0760E000C32A1F /* BMKTypes.h */ = {isa = PBXFileReference; fileEncoding = 4; lastKnownFileType = sourcecode.c.h; path = BMKTypes.h; sourceTree = "<group>"; };
		3C70BD7E1A0760E000C32A1F /* BMKUserLocation.h */ = {isa = PBXFileReference; fileEncoding = 4; lastKnownFileType = sourcecode.c.h; path = BMKUserLocation.h; sourceTree = "<group>"; };
		3C70BD7F1A0760E000C32A1F /* BMKUtilsComponent.h */ = {isa = PBXFileReference; fileEncoding = 4; lastKnownFileType = sourcecode.c.h; path = BMKUtilsComponent.h; sourceTree = "<group>"; };
		3C70BD801A0760E000C32A1F /* BMKVersion.h */ = {isa = PBXFileReference; fileEncoding = 4; lastKnownFileType = sourcecode.c.h; path = BMKVersion.h; sourceTree = "<group>"; };
		3C70BD821A0760E000C32A1F /* readme.txt */ = {isa = PBXFileReference; fileEncoding = 4; lastKnownFileType = text; path = readme.txt; sourceTree = "<group>"; };
		3C80C0491A2D4EBA00A3D8B9 /* SearchPlanObject.h */ = {isa = PBXFileReference; fileEncoding = 4; lastKnownFileType = sourcecode.c.h; path = SearchPlanObject.h; sourceTree = "<group>"; };
		3C80C04A1A2D4EBA00A3D8B9 /* SearchPlanObject.mm */ = {isa = PBXFileReference; fileEncoding = 4; lastKnownFileType = sourcecode.cpp.objcpp; path = SearchPlanObject.mm; sourceTree = "<group>"; };
		3C80C05B1A2D8FC200A3D8B9 /* BusLineObjct.h */ = {isa = PBXFileReference; fileEncoding = 4; lastKnownFileType = sourcecode.c.h; path = BusLineObjct.h; sourceTree = "<group>"; };
		3C80C05C1A2D8FC200A3D8B9 /* BusLineObjct.mm */ = {isa = PBXFileReference; fileEncoding = 4; lastKnownFileType = sourcecode.cpp.objcpp; path = BusLineObjct.mm; sourceTree = "<group>"; };
		3C84321C1A20498B00D369B4 /* BaiduMapManager.h */ = {isa = PBXFileReference; fileEncoding = 4; lastKnownFileType = sourcecode.c.h; path = BaiduMapManager.h; sourceTree = "<group>"; };
		3C84321D1A20498B00D369B4 /* BaiduMapManager.m */ = {isa = PBXFileReference; fileEncoding = 4; lastKnownFileType = sourcecode.c.objc; path = BaiduMapManager.m; sourceTree = "<group>"; };
		3C9B58CA1A24202300132E55 /* libbaidumapapi.a */ = {isa = PBXFileReference; lastKnownFileType = archive.ar; path = libbaidumapapi.a; sourceTree = "<group>"; };
		3CAF5D1D1A1B24EF00B205D8 /* JSON.h */ = {isa = PBXFileReference; fileEncoding = 4; lastKnownFileType = sourcecode.c.h; path = JSON.h; sourceTree = "<group>"; };
		3CAF5D1E1A1B24EF00B205D8 /* JSONParser.h */ = {isa = PBXFileReference; fileEncoding = 4; lastKnownFileType = sourcecode.c.h; path = JSONParser.h; sourceTree = "<group>"; };
		3CAF5D1F1A1B24EF00B205D8 /* MD5Digest.h */ = {isa = PBXFileReference; fileEncoding = 4; lastKnownFileType = sourcecode.c.h; path = MD5Digest.h; sourceTree = "<group>"; };
		3CAF5D201A1B24EF00B205D8 /* NSObject+SBJSON.h */ = {isa = PBXFileReference; fileEncoding = 4; lastKnownFileType = sourcecode.c.h; path = "NSObject+SBJSON.h"; sourceTree = "<group>"; };
		3CAF5D211A1B24EF00B205D8 /* NSString+SBJSON.h */ = {isa = PBXFileReference; fileEncoding = 4; lastKnownFileType = sourcecode.c.h; path = "NSString+SBJSON.h"; sourceTree = "<group>"; };
		3CAF5D221A1B24EF00B205D8 /* SBJSON.h */ = {isa = PBXFileReference; fileEncoding = 4; lastKnownFileType = sourcecode.c.h; path = SBJSON.h; sourceTree = "<group>"; };
		3CAF5D231A1B24EF00B205D8 /* SBJsonBase.h */ = {isa = PBXFileReference; fileEncoding = 4; lastKnownFileType = sourcecode.c.h; path = SBJsonBase.h; sourceTree = "<group>"; };
		3CAF5D241A1B24EF00B205D8 /* SBJsonParser.h */ = {isa = PBXFileReference; fileEncoding = 4; lastKnownFileType = sourcecode.c.h; path = SBJsonParser.h; sourceTree = "<group>"; };
		3CAF5D251A1B24EF00B205D8 /* SBJsonWriter.h */ = {isa = PBXFileReference; fileEncoding = 4; lastKnownFileType = sourcecode.c.h; path = SBJsonWriter.h; sourceTree = "<group>"; };
		3CBD3E201A233E71006A8380 /* BusLineAnnotation.h */ = {isa = PBXFileReference; fileEncoding = 4; lastKnownFileType = sourcecode.c.h; path = BusLineAnnotation.h; sourceTree = "<group>"; };
		3CBD3E211A233E71006A8380 /* BusLineAnnotation.m */ = {isa = PBXFileReference; fileEncoding = 4; lastKnownFileType = sourcecode.c.objc; path = BusLineAnnotation.m; sourceTree = "<group>"; };
		3CBD3E231A235297006A8380 /* RouteAnnotation.h */ = {isa = PBXFileReference; fileEncoding = 4; lastKnownFileType = sourcecode.c.h; path = RouteAnnotation.h; sourceTree = "<group>"; };
		3CBD3E241A235297006A8380 /* RouteAnnotation.m */ = {isa = PBXFileReference; fileEncoding = 4; lastKnownFileType = sourcecode.c.objc; path = RouteAnnotation.m; sourceTree = "<group>"; };
		3CCBEDA01A22FF7700051AAE /* CustomPaoPaoView.h */ = {isa = PBXFileReference; fileEncoding = 4; lastKnownFileType = sourcecode.c.h; path = CustomPaoPaoView.h; sourceTree = "<group>"; };
		3CCBEDA11A22FF7700051AAE /* CustomPaoPaoView.m */ = {isa = PBXFileReference; fileEncoding = 4; lastKnownFileType = sourcecode.c.objc; path = CustomPaoPaoView.m; sourceTree = "<group>"; };
		3CEE01CD1A16FCBC007A5D40 /* MapUtility.h */ = {isa = PBXFileReference; fileEncoding = 4; lastKnownFileType = sourcecode.c.h; path = MapUtility.h; sourceTree = "<group>"; };
		3CEE01CE1A16FCBC007A5D40 /* MapUtility.m */ = {isa = PBXFileReference; fileEncoding = 4; lastKnownFileType = sourcecode.c.objc; path = MapUtility.m; sourceTree = "<group>"; };
		3CEE01D01A16FE3D007A5D40 /* ACPointAnnotation.h */ = {isa = PBXFileReference; fileEncoding = 4; lastKnownFileType = sourcecode.c.h; path = ACPointAnnotation.h; sourceTree = "<group>"; };
		3CEE01D11A16FE3D007A5D40 /* ACPointAnnotation.m */ = {isa = PBXFileReference; fileEncoding = 4; lastKnownFileType = sourcecode.c.objc; path = ACPointAnnotation.m; sourceTree = "<group>"; };
		3CEE01D31A170DE1007A5D40 /* CoreLocation.framework */ = {isa = PBXFileReference; lastKnownFileType = wrapper.framework; name = CoreLocation.framework; path = System/Library/Frameworks/CoreLocation.framework; sourceTree = SDKROOT; };
/* End PBXFileReference section */

/* Begin PBXFrameworksBuildPhase section */
		3C70BD191A0733D200C32A1F /* Frameworks */ = {
			isa = PBXFrameworksBuildPhase;
			buildActionMask = 2147483647;
			files = (
				3CEE01D41A170DE1007A5D40 /* CoreLocation.framework in Frameworks */,
				3C9B58CB1A24202300132E55 /* libbaidumapapi.a in Frameworks */,
			);
			runOnlyForDeploymentPostprocessing = 0;
		};
/* End PBXFrameworksBuildPhase section */

/* Begin PBXGroup section */
		3C70BD131A0733D200C32A1F = {
			isa = PBXGroup;
			children = (
				3C70BD1E1A0733D200C32A1F /* EUExBaiduMap */,
				3C70BD381A07341B00C32A1F /* Frameworks */,
				3C70BD1D1A0733D200C32A1F /* Products */,
			);
			sourceTree = "<group>";
		};
		3C70BD1D1A0733D200C32A1F /* Products */ = {
			isa = PBXGroup;
			children = (
				3C70BD1C1A0733D200C32A1F /* libuexBaiduMap.a */,
			);
			name = Products;
			sourceTree = "<group>";
		};
		3C70BD1E1A0733D200C32A1F /* EUExBaiduMap */ = {
			isa = PBXGroup;
			children = (
				3C70BD391A07353600C32A1F /* engineHeader */,
				3C70BD1F1A0733D200C32A1F /* EUExBaiduMap.h */,
				3C70BD211A0733D200C32A1F /* EUExBaiduMap.mm */,
				3C70BD3E1A07353D00C32A1F /* sourceCode */,
			);
			path = EUExBaiduMap;
			sourceTree = "<group>";
		};
		3C70BD381A07341B00C32A1F /* Frameworks */ = {
			isa = PBXGroup;
			children = (
				3CEE01D31A170DE1007A5D40 /* CoreLocation.framework */,
			);
			name = Frameworks;
			sourceTree = "<group>";
		};
		3C70BD391A07353600C32A1F /* engineHeader */ = {
			isa = PBXGroup;
			children = (
				3C70BD3A1A07353600C32A1F /* EUExBase.h */,
				3C70BD3B1A07353600C32A1F /* EUExBaseDefine.h */,
				3C70BD3C1A07353600C32A1F /* EUtility.h */,
			);
			path = engineHeader;
			sourceTree = "<group>";
		};
		3C70BD3E1A07353D00C32A1F /* sourceCode */ = {
			isa = PBXGroup;
			children = (
				3C80C0491A2D4EBA00A3D8B9 /* SearchPlanObject.h */,
				3C80C04A1A2D4EBA00A3D8B9 /* SearchPlanObject.mm */,
				3CAF5D1C1A1B24EF00B205D8 /* JSON */,
				3CEE01D01A16FE3D007A5D40 /* ACPointAnnotation.h */,
				3CEE01D11A16FE3D007A5D40 /* ACPointAnnotation.m */,
				3CEE01CD1A16FCBC007A5D40 /* MapUtility.h */,
				3CEE01CE1A16FCBC007A5D40 /* MapUtility.m */,
				3C70BD421A0760DF00C32A1F /* BaiduMap_IOSSDK_v2.5.0_Lib */,
				3C84321C1A20498B00D369B4 /* BaiduMapManager.h */,
				3C84321D1A20498B00D369B4 /* BaiduMapManager.m */,
				3CCBEDA01A22FF7700051AAE /* CustomPaoPaoView.h */,
				3CCBEDA11A22FF7700051AAE /* CustomPaoPaoView.m */,
				3CBD3E201A233E71006A8380 /* BusLineAnnotation.h */,
				3CBD3E211A233E71006A8380 /* BusLineAnnotation.m */,
				3CBD3E231A235297006A8380 /* RouteAnnotation.h */,
				3CBD3E241A235297006A8380 /* RouteAnnotation.m */,
				3C80C05B1A2D8FC200A3D8B9 /* BusLineObjct.h */,
				3C80C05C1A2D8FC200A3D8B9 /* BusLineObjct.mm */,
			);
			path = sourceCode;
			sourceTree = "<group>";
		};
		3C70BD421A0760DF00C32A1F /* BaiduMap_IOSSDK_v2.5.0_Lib */ = {
			isa = PBXGroup;
			children = (
				3C70BD431A0760DF00C32A1F /* inc */,
				3C70BD821A0760E000C32A1F /* readme.txt */,
				3C9B58C91A24202300132E55 /* Release-iphoneos */,
			);
			path = BaiduMap_IOSSDK_v2.5.0_Lib;
			sourceTree = "<group>";
		};
		3C70BD431A0760DF00C32A1F /* inc */ = {
			isa = PBXGroup;
			children = (
				3C70BD441A0760DF00C32A1F /* BMapKit.h */,
				3C70BD451A0760DF00C32A1F /* BMKActionPaopaoView.h */,
				3C70BD461A0760DF00C32A1F /* BMKAnnotation.h */,
				3C70BD471A0760DF00C32A1F /* BMKAnnotationView.h */,
				3C70BD481A0760DF00C32A1F /* BMKArcline.h */,
				3C70BD491A0760DF00C32A1F /* BMKArclineView.h */,
				3C70BD4A1A0760DF00C32A1F /* BMKBaseComponent.h */,
				3C70BD4B1A0760DF00C32A1F /* BMKBusLineSearch.h */,
				3C70BD4C1A0760DF00C32A1F /* BMKBusLineSearchOption.h */,
				3C70BD4D1A0760DF00C32A1F /* BMKCircle.h */,
				3C70BD4E1A0760DF00C32A1F /* BMKCircleView.h */,
				3C70BD4F1A0760DF00C32A1F /* BMKCloudPOIList.h */,
				3C70BD501A0760DF00C32A1F /* BMKCloudSearch.h */,
				3C70BD511A0760DF00C32A1F /* BMKCloudSearchComponent.h */,
				3C70BD521A0760DF00C32A1F /* BMKCloudSearchInfo.h */,
				3C70BD531A0760DF00C32A1F /* BMKGeneralDelegate.h */,
				3C70BD541A0760DF00C32A1F /* BMKGeocodeSearch.h */,
				3C70BD551A0760DF00C32A1F /* BMKGeocodeSearchOption.h */,
				3C70BD561A0760DF00C32A1F /* BMKGeocodeType.h */,
				3C70BD571A0760DF00C32A1F /* BMKGeometry.h */,
				3C70BD581A0760DF00C32A1F /* BMKGradient.h */,
				3C70BD591A0760DF00C32A1F /* BMKGroundOverlay.h */,
				3C70BD5A1A0760DF00C32A1F /* BMKGroundOverlayView.h */,
				3C70BD5B1A0760DF00C32A1F /* BMKHeatMap.h */,
				3C70BD5C1A0760DF00C32A1F /* BMKLocationComponent.h */,
				3C70BD5D1A0760DF00C32A1F /* BMKLocationService.h */,
				3C70BD5E1A0760DF00C32A1F /* BMKLocationViewDisplayParam.h */,
				3C70BD5F1A0760DF00C32A1F /* BMKMapComponent.h */,
				3C70BD601A0760DF00C32A1F /* BMKMapManager.h */,
				3C70BD611A0760DF00C32A1F /* BMKMapStatus.h */,
				3C70BD621A0760DF00C32A1F /* BMKMapView.h */,
				3C70BD631A0760DF00C32A1F /* BMKMultiPoint.h */,
				3C70BD641A0760DF00C32A1F /* BMKNavigation.h */,
				3C70BD651A0760DF00C32A1F /* BMKOfflineMap.h */,
				3C70BD661A0760DF00C32A1F /* BMKOfflineMapType.h */,
				3C70BD671A0760DF00C32A1F /* BMKOverlay.h */,
				3C70BD681A0760DF00C32A1F /* BMKOverlayGLBasicView.h */,
				3C70BD691A0760DF00C32A1F /* BMKOverlayPathView.h */,
				3C70BD6A1A0760DF00C32A1F /* BMKOverlayView.h */,
				3C70BD6B1A0760DF00C32A1F /* BMKPinAnnotationView.h */,
				3C70BD6C1A0760DF00C32A1F /* BMKPointAnnotation.h */,
				3C70BD6D1A0760DF00C32A1F /* BMKPoiSearch.h */,
				3C70BD6E1A0760DF00C32A1F /* BMKPoiSearchOption.h */,
				3C70BD6F1A0760DF00C32A1F /* BMKPoiSearchType.h */,
				3C70BD701A0760DF00C32A1F /* BMKPolygon.h */,
				3C70BD711A0760DF00C32A1F /* BMKPolygonView.h */,
				3C70BD721A0760DF00C32A1F /* BMKPolyline.h */,
				3C70BD731A0760DF00C32A1F /* BMKPolylineView.h */,
				3C70BD741A0760DF00C32A1F /* BMKRouteSearch.h */,
				3C70BD751A0760DF00C32A1F /* BMKRouteSearchOption.h */,
				3C70BD761A0760DF00C32A1F /* BMKRouteSearchType.h */,
				3C70BD771A0760DF00C32A1F /* BMKSearchComponent.h */,
				3C70BD781A0760E000C32A1F /* BMKShape.h */,
				3C70BD791A0760E000C32A1F /* BMKShareURLSearch.h */,
				3C70BD7A1A0760E000C32A1F /* BMKShareUrlSearchOption.h */,
				3C70BD7B1A0760E000C32A1F /* BMKSuggestionSearch.h */,
				3C70BD7C1A0760E000C32A1F /* BMKSuggestionSearchOption.h */,
				3C70BD7D1A0760E000C32A1F /* BMKTypes.h */,
				3C70BD7E1A0760E000C32A1F /* BMKUserLocation.h */,
				3C70BD7F1A0760E000C32A1F /* BMKUtilsComponent.h */,
				3C70BD801A0760E000C32A1F /* BMKVersion.h */,
			);
			path = inc;
			sourceTree = "<group>";
		};
		3C9B58C91A24202300132E55 /* Release-iphoneos */ = {
			isa = PBXGroup;
			children = (
				3C9B58CA1A24202300132E55 /* libbaidumapapi.a */,
			);
			path = "Release-iphoneos";
			sourceTree = "<group>";
		};
		3CAF5D1C1A1B24EF00B205D8 /* JSON */ = {
			isa = PBXGroup;
			children = (
				3CAF5D1D1A1B24EF00B205D8 /* JSON.h */,
				3CAF5D1E1A1B24EF00B205D8 /* JSONParser.h */,
				3CAF5D1F1A1B24EF00B205D8 /* MD5Digest.h */,
				3CAF5D201A1B24EF00B205D8 /* NSObject+SBJSON.h */,
				3CAF5D211A1B24EF00B205D8 /* NSString+SBJSON.h */,
				3CAF5D221A1B24EF00B205D8 /* SBJSON.h */,
				3CAF5D231A1B24EF00B205D8 /* SBJsonBase.h */,
				3CAF5D241A1B24EF00B205D8 /* SBJsonParser.h */,
				3CAF5D251A1B24EF00B205D8 /* SBJsonWriter.h */,
			);
			path = JSON;
			sourceTree = "<group>";
		};
/* End PBXGroup section */

/* Begin PBXNativeTarget section */
		3C70BD1B1A0733D200C32A1F /* EUExBaiduMap */ = {
			isa = PBXNativeTarget;
			buildConfigurationList = 3C70BD301A0733D200C32A1F /* Build configuration list for PBXNativeTarget "EUExBaiduMap" */;
			buildPhases = (
				3C70BD181A0733D200C32A1F /* Sources */,
				3C70BD191A0733D200C32A1F /* Frameworks */,
				3C70BD1A1A0733D200C32A1F /* CopyFiles */,
			);
			buildRules = (
			);
			dependencies = (
			);
			name = EUExBaiduMap;
			productName = EUExBaiduMap;
			productReference = 3C70BD1C1A0733D200C32A1F /* libuexBaiduMap.a */;
			productType = "com.apple.product-type.library.static";
		};
/* End PBXNativeTarget section */

/* Begin PBXProject section */
		3C70BD141A0733D200C32A1F /* Project object */ = {
			isa = PBXProject;
			attributes = {
				LastUpgradeCheck = 0610;
				ORGANIZATIONNAME = com.zywx;
				TargetAttributes = {
					3C70BD1B1A0733D200C32A1F = {
						CreatedOnToolsVersion = 6.1;
					};
				};
			};
			buildConfigurationList = 3C70BD171A0733D200C32A1F /* Build configuration list for PBXProject "EUExBaiduMap" */;
			compatibilityVersion = "Xcode 3.2";
			developmentRegion = English;
			hasScannedForEncodings = 0;
			knownRegions = (
				en,
			);
			mainGroup = 3C70BD131A0733D200C32A1F;
			productRefGroup = 3C70BD1D1A0733D200C32A1F /* Products */;
			projectDirPath = "";
			projectRoot = "";
			targets = (
				3C70BD1B1A0733D200C32A1F /* EUExBaiduMap */,
			);
		};
/* End PBXProject section */

/* Begin PBXSourcesBuildPhase section */
		3C70BD181A0733D200C32A1F /* Sources */ = {
			isa = PBXSourcesBuildPhase;
			buildActionMask = 2147483647;
			files = (
				3C70BD221A0733D200C32A1F /* EUExBaiduMap.mm in Sources */,
				3CEE01D21A16FE3D007A5D40 /* ACPointAnnotation.m in Sources */,
				3C80C05D1A2D8FC200A3D8B9 /* BusLineObjct.mm in Sources */,
				3CBD3E251A235297006A8380 /* RouteAnnotation.m in Sources */,
				3C80C04B1A2D4EBA00A3D8B9 /* SearchPlanObject.mm in Sources */,
				3C84321E1A20498B00D369B4 /* BaiduMapManager.m in Sources */,
				3CEE01CF1A16FCBC007A5D40 /* MapUtility.m in Sources */,
				3CCBEDA21A22FF7700051AAE /* CustomPaoPaoView.m in Sources */,
				3CBD3E221A233E71006A8380 /* BusLineAnnotation.m in Sources */,
			);
			runOnlyForDeploymentPostprocessing = 0;
		};
/* End PBXSourcesBuildPhase section */

/* Begin XCBuildConfiguration section */
		3C70BD2E1A0733D200C32A1F /* Debug */ = {
			isa = XCBuildConfiguration;
			buildSettings = {
				ALWAYS_SEARCH_USER_PATHS = NO;
				CLANG_CXX_LANGUAGE_STANDARD = "gnu++0x";
				CLANG_CXX_LIBRARY = "libc++";
				CLANG_ENABLE_MODULES = YES;
				CLANG_ENABLE_OBJC_ARC = NO;
				CLANG_WARN_BOOL_CONVERSION = YES;
				CLANG_WARN_CONSTANT_CONVERSION = YES;
				CLANG_WARN_DIRECT_OBJC_ISA_USAGE = YES_ERROR;
				CLANG_WARN_EMPTY_BODY = YES;
				CLANG_WARN_ENUM_CONVERSION = YES;
				CLANG_WARN_INT_CONVERSION = YES;
				CLANG_WARN_OBJC_ROOT_CLASS = YES_ERROR;
				CLANG_WARN_UNREACHABLE_CODE = YES;
				CLANG_WARN__DUPLICATE_METHOD_MATCH = YES;
				COPY_PHASE_STRIP = NO;
				ENABLE_STRICT_OBJC_MSGSEND = YES;
				GCC_C_LANGUAGE_STANDARD = gnu99;
				GCC_DYNAMIC_NO_PIC = NO;
				GCC_OPTIMIZATION_LEVEL = 0;
				GCC_PREPROCESSOR_DEFINITIONS = (
					"DEBUG=1",
					"$(inherited)",
				);
				GCC_SYMBOLS_PRIVATE_EXTERN = NO;
				GCC_WARN_64_TO_32_BIT_CONVERSION = YES;
				GCC_WARN_ABOUT_RETURN_TYPE = YES_ERROR;
				GCC_WARN_UNDECLARED_SELECTOR = YES;
				GCC_WARN_UNINITIALIZED_AUTOS = YES_AGGRESSIVE;
				GCC_WARN_UNUSED_FUNCTION = YES;
				GCC_WARN_UNUSED_VARIABLE = YES;
				IPHONEOS_DEPLOYMENT_TARGET = 5.0;
				MTL_ENABLE_DEBUG_INFO = YES;
				ONLY_ACTIVE_ARCH = YES;
				SDKROOT = iphoneos;
			};
			name = Debug;
		};
		3C70BD2F1A0733D200C32A1F /* Release */ = {
			isa = XCBuildConfiguration;
			buildSettings = {
				ALWAYS_SEARCH_USER_PATHS = NO;
				CLANG_CXX_LANGUAGE_STANDARD = "gnu++0x";
				CLANG_CXX_LIBRARY = "libc++";
				CLANG_ENABLE_MODULES = YES;
				CLANG_ENABLE_OBJC_ARC = NO;
				CLANG_WARN_BOOL_CONVERSION = YES;
				CLANG_WARN_CONSTANT_CONVERSION = YES;
				CLANG_WARN_DIRECT_OBJC_ISA_USAGE = YES_ERROR;
				CLANG_WARN_EMPTY_BODY = YES;
				CLANG_WARN_ENUM_CONVERSION = YES;
				CLANG_WARN_INT_CONVERSION = YES;
				CLANG_WARN_OBJC_ROOT_CLASS = YES_ERROR;
				CLANG_WARN_UNREACHABLE_CODE = YES;
				CLANG_WARN__DUPLICATE_METHOD_MATCH = YES;
				COPY_PHASE_STRIP = YES;
				ENABLE_NS_ASSERTIONS = NO;
				ENABLE_STRICT_OBJC_MSGSEND = YES;
				GCC_C_LANGUAGE_STANDARD = gnu99;
				GCC_WARN_64_TO_32_BIT_CONVERSION = YES;
				GCC_WARN_ABOUT_RETURN_TYPE = YES_ERROR;
				GCC_WARN_UNDECLARED_SELECTOR = YES;
				GCC_WARN_UNINITIALIZED_AUTOS = YES_AGGRESSIVE;
				GCC_WARN_UNUSED_FUNCTION = YES;
				GCC_WARN_UNUSED_VARIABLE = YES;
				IPHONEOS_DEPLOYMENT_TARGET = 5.0;
				MTL_ENABLE_DEBUG_INFO = NO;
				SDKROOT = iphoneos;
				VALIDATE_PRODUCT = YES;
			};
			name = Release;
		};
		3C70BD311A0733D200C32A1F /* Debug */ = {
			isa = XCBuildConfiguration;
			buildSettings = {
				CONFIGURATION_BUILD_DIR = "$(SRCROOT)/uexBaiduMap/";
				LIBRARY_SEARCH_PATHS = (
					"$(inherited)",
					"$(PROJECT_DIR)/EUExBaiduMap/sourceCode/BaiduMap_IOSSDK_v2.5.0_Lib/Release-iphoneos",
					"$(PROJECT_DIR)/EUExBaiduMap/sourceCode/BaiduMap_IOSSDK_v2.5.0_Lib/Release-iphonesimulator",
				);
				OTHER_LDFLAGS = "-ObjC";
				PRODUCT_NAME = uexBaiduMap;
				SKIP_INSTALL = YES;
			};
			name = Debug;
		};
		3C70BD321A0733D200C32A1F /* Release */ = {
			isa = XCBuildConfiguration;
			buildSettings = {
				CONFIGURATION_BUILD_DIR = "$(SRCROOT)/uexBaiduMap/";
				LIBRARY_SEARCH_PATHS = (
					"$(inherited)",
					"$(PROJECT_DIR)/EUExBaiduMap/sourceCode/BaiduMap_IOSSDK_v2.5.0_Lib/Release-iphoneos",
					"$(PROJECT_DIR)/EUExBaiduMap/sourceCode/BaiduMap_IOSSDK_v2.5.0_Lib/Release-iphonesimulator",
				);
				OTHER_LDFLAGS = "-ObjC";
				PRODUCT_NAME = uexBaiduMap;
				SKIP_INSTALL = YES;
			};
			name = Release;
		};
/* End XCBuildConfiguration section */

/* Begin XCConfigurationList section */
		3C70BD171A0733D200C32A1F /* Build configuration list for PBXProject "EUExBaiduMap" */ = {
			isa = XCConfigurationList;
			buildConfigurations = (
				3C70BD2E1A0733D200C32A1F /* Debug */,
				3C70BD2F1A0733D200C32A1F /* Release */,
			);
			defaultConfigurationIsVisible = 0;
			defaultConfigurationName = Release;
		};
		3C70BD301A0733D200C32A1F /* Build configuration list for PBXNativeTarget "EUExBaiduMap" */ = {
			isa = XCConfigurationList;
			buildConfigurations = (
				3C70BD311A0733D200C32A1F /* Debug */,
				3C70BD321A0733D200C32A1F /* Release */,
			);
			defaultConfigurationIsVisible = 0;
			defaultConfigurationName = Release;
		};
/* End XCConfigurationList section */
	};
	rootObject = 3C70BD141A0733D200C32A1F /* Project object */;
}
